// !$*UTF8*$!
{
	archiveVersion = 1;
	classes = {
	};
	objectVersion = 45;
	objects = {

/* Begin PBXBuildFile section */
		1D3623260D0F684500981E51 /* OpenNMSAppDelegate.m in Sources */ = {isa = PBXBuildFile; fileRef = 1D3623250D0F684500981E51 /* OpenNMSAppDelegate.m */; };
		1D60589B0D05DD56006BFB54 /* main.m in Sources */ = {isa = PBXBuildFile; fileRef = 29B97316FDCFA39411CA2CEA /* main.m */; };
		1D60589F0D05DD5A006BFB54 /* Foundation.framework in Frameworks */ = {isa = PBXBuildFile; fileRef = 1D30AB110D05D00D00671497 /* Foundation.framework */; };
		1DF5F4E00D08C38300B7A737 /* UIKit.framework in Frameworks */ = {isa = PBXBuildFile; fileRef = 1DF5F4DF0D08C38300B7A737 /* UIKit.framework */; };
		288765080DF74369002DB57D /* CoreGraphics.framework in Frameworks */ = {isa = PBXBuildFile; fileRef = 288765070DF74369002DB57D /* CoreGraphics.framework */; };
		28AD73880D9D96C1002E5188 /* MainWindow.xib in Resources */ = {isa = PBXBuildFile; fileRef = 28AD73870D9D96C1002E5188 /* MainWindow.xib */; };
		440AD04B102F91EF00CC63C9 /* NodeUpdater.m in Sources */ = {isa = PBXBuildFile; fileRef = 440AD04A102F91EF00CC63C9 /* NodeUpdater.m */; };
		440AD066102F924E00CC63C9 /* NodeUpdateHandler.m in Sources */ = {isa = PBXBuildFile; fileRef = 440AD065102F924E00CC63C9 /* NodeUpdateHandler.m */; };
		440B00861008C941005DB69C /* FuzzyDate.m in Sources */ = {isa = PBXBuildFile; fileRef = 440B00851008C941005DB69C /* FuzzyDate.m */; };
		44227C4F102B6CD200D00033 /* AlarmUpdateHandler.m in Sources */ = {isa = PBXBuildFile; fileRef = 44227C4E102B6CD200D00033 /* AlarmUpdateHandler.m */; };
		44237785102CC73300D49DFA /* AlarmTableView.m in Sources */ = {isa = PBXBuildFile; fileRef = 44237784102CC73300D49DFA /* AlarmTableView.m */; };
		442434611024E7C200658DB1 /* AlarmDetailController.m in Sources */ = {isa = PBXBuildFile; fileRef = 442434601024E7C100658DB1 /* AlarmDetailController.m */; };
		44263CFC10112F4100717409 /* AboutViewController.m in Sources */ = {isa = PBXBuildFile; fileRef = 44263CF510112F4100717409 /* AboutViewController.m */; };
		44263CFE10112F4100717409 /* NodeDetailController.m in Sources */ = {isa = PBXBuildFile; fileRef = 44263CF910112F4100717409 /* NodeDetailController.m */; };
		44263D261011301500717409 /* OutageListController.m in Sources */ = {isa = PBXBuildFile; fileRef = 44263D251011301500717409 /* OutageListController.m */; };
		44263D2D1011309700717409 /* AlarmListController.m in Sources */ = {isa = PBXBuildFile; fileRef = 44263D2C1011309700717409 /* AlarmListController.m */; };
		442D9CBA11BF3F2D0003E7A2 /* MainWindow-iPad.xib in Resources */ = {isa = PBXBuildFile; fileRef = 442D9CB911BF3F2D0003E7A2 /* MainWindow-iPad.xib */; };
		44303A3F11C2DB5E00D50F73 /* OrientationHandler.m in Sources */ = {isa = PBXBuildFile; fileRef = 44303A3E11C2DB5E00D50F73 /* OrientationHandler.m */; };
		4434F9DC11C1B6BF009189BD /* IPAddressInputController.m in Sources */ = {isa = PBXBuildFile; fileRef = 4434F9DB11C1B6BF009189BD /* IPAddressInputController.m */; };
		443665361032597400F0B7B6 /* ContextService.m in Sources */ = {isa = PBXBuildFile; fileRef = 443665351032597400F0B7B6 /* ContextService.m */; };
		44367A1810385E6C008E6799 /* AckUpdater.m in Sources */ = {isa = PBXBuildFile; fileRef = 44367A1710385E6C008E6799 /* AckUpdater.m */; };
		44367A251038608D008E6799 /* AlarmFactory.m in Sources */ = {isa = PBXBuildFile; fileRef = 44367A241038608D008E6799 /* AlarmFactory.m */; };
		44367B4C1038E273008E6799 /* SnmpInterfaceFactory.m in Sources */ = {isa = PBXBuildFile; fileRef = 44367B471038E273008E6799 /* SnmpInterfaceFactory.m */; };
		44367B4D1038E273008E6799 /* SnmpInterfaceUpdateHandler.m in Sources */ = {isa = PBXBuildFile; fileRef = 44367B491038E273008E6799 /* SnmpInterfaceUpdateHandler.m */; };
		44367B4E1038E273008E6799 /* SnmpInterfaceUpdater.m in Sources */ = {isa = PBXBuildFile; fileRef = 44367B4B1038E273008E6799 /* SnmpInterfaceUpdater.m */; };
		44367BE510397226008E6799 /* IpInterfaceFactory.m in Sources */ = {isa = PBXBuildFile; fileRef = 44367BE010397225008E6799 /* IpInterfaceFactory.m */; };
		44367BE610397226008E6799 /* IpInterfaceUpdateHandler.m in Sources */ = {isa = PBXBuildFile; fileRef = 44367BE210397225008E6799 /* IpInterfaceUpdateHandler.m */; };
		44367BE710397226008E6799 /* IpInterfaceUpdater.m in Sources */ = {isa = PBXBuildFile; fileRef = 44367BE410397225008E6799 /* IpInterfaceUpdater.m */; };
		44367C4C10397B30008E6799 /* EventFactory.m in Sources */ = {isa = PBXBuildFile; fileRef = 44367C4710397B30008E6799 /* EventFactory.m */; };
		44367C4D10397B30008E6799 /* EventUpdateHandler.m in Sources */ = {isa = PBXBuildFile; fileRef = 44367C4910397B30008E6799 /* EventUpdateHandler.m */; };
		44367C4E10397B30008E6799 /* EventUpdater.m in Sources */ = {isa = PBXBuildFile; fileRef = 44367C4B10397B30008E6799 /* EventUpdater.m */; };
		4437965511C07FDF00D36464 /* Icon-Small-50.png in Resources */ = {isa = PBXBuildFile; fileRef = 4437965211C07FDF00D36464 /* Icon-Small-50.png */; };
		4437965611C07FDF00D36464 /* iPadAppIcon.png in Resources */ = {isa = PBXBuildFile; fileRef = 4437965311C07FDF00D36464 /* iPadAppIcon.png */; };
		4437965711C07FDF00D36464 /* iPhoneAppIcon.png in Resources */ = {isa = PBXBuildFile; fileRef = 4437965411C07FDF00D36464 /* iPhoneAppIcon.png */; };
		4437966511C0845100D36464 /* Default-Portrait.png in Resources */ = {isa = PBXBuildFile; fileRef = 4437966411C0845100D36464 /* Default-Portrait.png */; };
		4437974B11C0B72300D36464 /* BaseController.m in Sources */ = {isa = PBXBuildFile; fileRef = 4437974A11C0B72300D36464 /* BaseController.m */; };
		4444793411C2BCD2003348D5 /* ip-dialog-box.png in Resources */ = {isa = PBXBuildFile; fileRef = 4444793311C2BCD2003348D5 /* ip-dialog-box.png */; };
		4444794611C2C0E5003348D5 /* green-button-default.png in Resources */ = {isa = PBXBuildFile; fileRef = 4444794411C2C0E5003348D5 /* green-button-default.png */; };
		4444794711C2C0E5003348D5 /* green-button-hilighted.png in Resources */ = {isa = PBXBuildFile; fileRef = 4444794511C2C0E5003348D5 /* green-button-hilighted.png */; };
		4448642A11C2FD9400D54649 /* DiscoverIPAddressView.xib in Resources */ = {isa = PBXBuildFile; fileRef = 4448642911C2FD9400D54649 /* DiscoverIPAddressView.xib */; };
		4448646211C304CA00D54649 /* DiscoverIPAddressView-iPad.xib in Resources */ = {isa = PBXBuildFile; fileRef = 4448646111C304CA00D54649 /* DiscoverIPAddressView-iPad.xib */; };
		445221F71030848500F77B2C /* Alarm.m in Sources */ = {isa = PBXBuildFile; fileRef = 445221EC1030848500F77B2C /* Alarm.m */; };
		445221F81030848500F77B2C /* Event.m in Sources */ = {isa = PBXBuildFile; fileRef = 445221EE1030848500F77B2C /* Event.m */; };
		445221F91030848500F77B2C /* IpInterface.m in Sources */ = {isa = PBXBuildFile; fileRef = 445221F01030848500F77B2C /* IpInterface.m */; };
		445221FA1030848500F77B2C /* Node.m in Sources */ = {isa = PBXBuildFile; fileRef = 445221F21030848500F77B2C /* Node.m */; };
		445221FB1030848500F77B2C /* Outage.m in Sources */ = {isa = PBXBuildFile; fileRef = 445221F41030848500F77B2C /* Outage.m */; };
		445221FC1030848500F77B2C /* SnmpInterface.m in Sources */ = {isa = PBXBuildFile; fileRef = 445221F61030848500F77B2C /* SnmpInterface.m */; };
		4452229B1030CD3D00F77B2C /* OutageFactory.m in Sources */ = {isa = PBXBuildFile; fileRef = 4452229A1030CD3D00F77B2C /* OutageFactory.m */; };
		4455723A11BF4E73006CE642 /* AlarmView.xib in Resources */ = {isa = PBXBuildFile; fileRef = 4455723711BF4E73006CE642 /* AlarmView.xib */; };
		4455723B11BF4E73006CE642 /* NodeListView.xib in Resources */ = {isa = PBXBuildFile; fileRef = 4455723811BF4E73006CE642 /* NodeListView.xib */; };
		4455723C11BF4E73006CE642 /* OutageView.xib in Resources */ = {isa = PBXBuildFile; fileRef = 4455723911BF4E73006CE642 /* OutageView.xib */; };
		4458311811BD900200CAC95E /* ASIAuthenticationDialog.m in Sources */ = {isa = PBXBuildFile; fileRef = 4458310E11BD900200CAC95E /* ASIAuthenticationDialog.m */; };
		4458311E11BD978B00CAC95E /* SliderCell.m in Sources */ = {isa = PBXBuildFile; fileRef = 4458311D11BD978B00CAC95E /* SliderCell.m */; };
		44644888102DE463005697EF /* NodeFactory.m in Sources */ = {isa = PBXBuildFile; fileRef = 44644887102DE463005697EF /* NodeFactory.m */; };
		44700FC31007D5D8006CE665 /* ASIFormDataRequest.m in Sources */ = {isa = PBXBuildFile; fileRef = 44700FAD1007D5D8006CE665 /* ASIFormDataRequest.m */; };
		44700FC41007D5D8006CE665 /* ASIHTTPRequest.m in Sources */ = {isa = PBXBuildFile; fileRef = 44700FAF1007D5D8006CE665 /* ASIHTTPRequest.m */; };
		44700FC51007D5D8006CE665 /* ASINetworkQueue.m in Sources */ = {isa = PBXBuildFile; fileRef = 44700FB11007D5D8006CE665 /* ASINetworkQueue.m */; };
		44700FC61007D5D8006CE665 /* ASINSStringAdditions.m in Sources */ = {isa = PBXBuildFile; fileRef = 44700FB31007D5D8006CE665 /* ASINSStringAdditions.m */; };
		44700FCE1007D60B006CE665 /* CFNetwork.framework in Frameworks */ = {isa = PBXBuildFile; fileRef = 44700FCD1007D60B006CE665 /* CFNetwork.framework */; };
		44700FD31007D61A006CE665 /* libz.1.dylib in Frameworks */ = {isa = PBXBuildFile; fileRef = 44700FCF1007D60B006CE665 /* libz.1.dylib */; };
		44700FD61007D688006CE665 /* libxml2.dylib in Frameworks */ = {isa = PBXBuildFile; fileRef = 44700FD51007D688006CE665 /* libxml2.dylib */; };
		44700FF81007D781006CE665 /* Icon-Small.png in Resources */ = {isa = PBXBuildFile; fileRef = 44700FF61007D781006CE665 /* Icon-Small.png */; };
		447010001007DA78006CE665 /* clock.png in Resources */ = {isa = PBXBuildFile; fileRef = 44700FFE1007DA78006CE665 /* clock.png */; };
		447010011007DA78006CE665 /* ekg.png in Resources */ = {isa = PBXBuildFile; fileRef = 44700FFF1007DA78006CE665 /* ekg.png */; };
		447010201007F0D7006CE665 /* AlarmView.xib in Resources */ = {isa = PBXBuildFile; fileRef = 4470101E1007F0D7006CE665 /* AlarmView.xib */; };
		447010211007F0D7006CE665 /* OutageView.xib in Resources */ = {isa = PBXBuildFile; fileRef = 4470101F1007F0D7006CE665 /* OutageView.xib */; };
		448148561029CBDF00083FF9 /* CoreData.framework in Frameworks */ = {isa = PBXBuildFile; fileRef = 448148551029CBDF00083FF9 /* CoreData.framework */; };
		4481486B1029D25A00083FF9 /* BaseUpdater.m in Sources */ = {isa = PBXBuildFile; fileRef = 4481486A1029D25A00083FF9 /* BaseUpdater.m */; };
		4481488E1029D41400083FF9 /* AlarmListUpdater.m in Sources */ = {isa = PBXBuildFile; fileRef = 4481488D1029D41400083FF9 /* AlarmListUpdater.m */; };
		448AC2C510097B6700C2621C /* Settings.bundle in Resources */ = {isa = PBXBuildFile; fileRef = 448AC2C410097B6700C2621C /* Settings.bundle */; };
		448D5AF8102BC9F5008416E3 /* AlarmUpdater.m in Sources */ = {isa = PBXBuildFile; fileRef = 448D5AF7102BC9F5008416E3 /* AlarmUpdater.m */; };
		448EE92C101E0CF800063B32 /* OnmsSeverity.m in Sources */ = {isa = PBXBuildFile; fileRef = 448EE92B101E0CF800063B32 /* OnmsSeverity.m */; };
		448EEA99101E3A2600063B32 /* RegexKitLite.m in Sources */ = {isa = PBXBuildFile; fileRef = 448EEA98101E3A2600063B32 /* RegexKitLite.m */; };
		448EEAA4101E3B7400063B32 /* libicucore.dylib in Frameworks */ = {isa = PBXBuildFile; fileRef = 448EEAA3101E3B7400063B32 /* libicucore.dylib */; };
		44981CCB100EA9C3006BB193 /* Default.png in Resources */ = {isa = PBXBuildFile; fileRef = 44981CCA100EA9C3006BB193 /* Default.png */; };
		44B8E1A3102DB0A9003DBB9B /* OutageListUpdater.m in Sources */ = {isa = PBXBuildFile; fileRef = 44B8E1A2102DB0A9003DBB9B /* OutageListUpdater.m */; };
		44B8E1E2102DB4E6003DBB9B /* OutageUpdateHandler.m in Sources */ = {isa = PBXBuildFile; fileRef = 44B8E1E1102DB4E6003DBB9B /* OutageUpdateHandler.m */; };
		44B8E28D102DC168003DBB9B /* OpenNMS.xcdatamodeld in Sources */ = {isa = PBXBuildFile; fileRef = 44B8E28A102DC168003DBB9B /* OpenNMS.xcdatamodeld */; };
		44BBA448100CE84F001257CB /* question-mark-helvetica.png in Resources */ = {isa = PBXBuildFile; fileRef = 44BBA447100CE84F001257CB /* question-mark-helvetica.png */; };
		44BBA44A100CE90B001257CB /* o.png in Resources */ = {isa = PBXBuildFile; fileRef = 44BBA449100CE90B001257CB /* o.png */; };
		44BE14FB11BDBA8A0033B0B3 /* MobileCoreServices.framework in Frameworks */ = {isa = PBXBuildFile; fileRef = 44BE14FA11BDBA8A0033B0B3 /* MobileCoreServices.framework */; };
		44C1F7FC10359C870087291F /* Reachability.m in Sources */ = {isa = PBXBuildFile; fileRef = 44C1F7FB10359C870087291F /* Reachability.m */; };
		44C1F82010359D140087291F /* SystemConfiguration.framework in Frameworks */ = {isa = PBXBuildFile; fileRef = 44C1F81F10359D140087291F /* SystemConfiguration.framework */; };
		44C1F82810359D350087291F /* ASIInputStream.m in Sources */ = {isa = PBXBuildFile; fileRef = 44C1F82710359D350087291F /* ASIInputStream.m */; };
		44C8E295100CD66400A29DA0 /* display.png in Resources */ = {isa = PBXBuildFile; fileRef = 44C8E294100CD66400A29DA0 /* display.png */; };
		44CAE4DE103B4597001ADEB1 /* ChildPaneCell.m in Sources */ = {isa = PBXBuildFile; fileRef = 44CAE4C5103B4597001ADEB1 /* ChildPaneCell.m */; };
		44CAE4DF103B4597001ADEB1 /* MultiValueCell.m in Sources */ = {isa = PBXBuildFile; fileRef = 44CAE4C7103B4597001ADEB1 /* MultiValueCell.m */; };
		44CAE4E0103B4597001ADEB1 /* MultiValueEditorViewController.m in Sources */ = {isa = PBXBuildFile; fileRef = 44CAE4C9103B4597001ADEB1 /* MultiValueEditorViewController.m */; };
		44CAE4E1103B4597001ADEB1 /* MutableMetadataSource.m in Sources */ = {isa = PBXBuildFile; fileRef = 44CAE4CB103B4597001ADEB1 /* MutableMetadataSource.m */; };
		44CAE4E2103B4597001ADEB1 /* NumberCell.m in Sources */ = {isa = PBXBuildFile; fileRef = 44CAE4CD103B4597001ADEB1 /* NumberCell.m */; };
		44CAE4E3103B4597001ADEB1 /* SettingsCell.m in Sources */ = {isa = PBXBuildFile; fileRef = 44CAE4CF103B4597001ADEB1 /* SettingsCell.m */; };
		44CAE4E4103B4597001ADEB1 /* SettingsEditorViewController.m in Sources */ = {isa = PBXBuildFile; fileRef = 44CAE4D3103B4597001ADEB1 /* SettingsEditorViewController.m */; };
		44CAE4E5103B4597001ADEB1 /* SettingsMetadataSource.m in Sources */ = {isa = PBXBuildFile; fileRef = 44CAE4D5103B4597001ADEB1 /* SettingsMetadataSource.m */; };
		44CAE4E6103B4597001ADEB1 /* SettingsViewController.m in Sources */ = {isa = PBXBuildFile; fileRef = 44CAE4D7103B4597001ADEB1 /* SettingsViewController.m */; };
		44CAE4E7103B4597001ADEB1 /* TextfieldCell.m in Sources */ = {isa = PBXBuildFile; fileRef = 44CAE4D9103B4597001ADEB1 /* TextfieldCell.m */; };
		44CAE4E8103B4597001ADEB1 /* TimeIntervalCell.m in Sources */ = {isa = PBXBuildFile; fileRef = 44CAE4DB103B4597001ADEB1 /* TimeIntervalCell.m */; };
		44CAE4E9103B4597001ADEB1 /* ToggleSwitchCell.m in Sources */ = {isa = PBXBuildFile; fileRef = 44CAE4DD103B4597001ADEB1 /* ToggleSwitchCell.m */; };
		44CAE504103B45F8001ADEB1 /* IntegerPickerView.m in Sources */ = {isa = PBXBuildFile; fileRef = 44CAE4FF103B45F8001ADEB1 /* IntegerPickerView.m */; };
		44CAE505103B45F8001ADEB1 /* KMTimeIntervalFormatter.m in Sources */ = {isa = PBXBuildFile; fileRef = 44CAE501103B45F8001ADEB1 /* KMTimeIntervalFormatter.m */; };
		44CAE506103B45F8001ADEB1 /* LabeledPickerView.m in Sources */ = {isa = PBXBuildFile; fileRef = 44CAE503103B45F8001ADEB1 /* LabeledPickerView.m */; };
		44D023E6100F9CB0000C5EAA /* CXMLNode_XPathExtensions.m in Sources */ = {isa = PBXBuildFile; fileRef = 44F0E653100F9901000B8A22 /* CXMLNode_XPathExtensions.m */; };
		44D02409100FA1D6000C5EAA /* OnmsXMLElementAdditions.m in Sources */ = {isa = PBXBuildFile; fileRef = 44D02408100FA1D6000C5EAA /* OnmsXMLElementAdditions.m */; };
		44DC95AC103BA31E0065B944 /* CalculateSize.m in Sources */ = {isa = PBXBuildFile; fileRef = 44DC95AB103BA31E0065B944 /* CalculateSize.m */; };
		44DD4ABF102DDC50005B4F34 /* OpenNMS.xcdatamodel in Sources */ = {isa = PBXBuildFile; fileRef = 44DD4ABE102DDC2A005B4F34 /* OpenNMS.xcdatamodel */; };
		44DEAF3C102A32E700634C2F /* UpdateHandler.m in Sources */ = {isa = PBXBuildFile; fileRef = 44DEAF3B102A32E700634C2F /* UpdateHandler.m */; };
		44E276CE11C15DBD00DE59F1 /* NullUpdater.m in Sources */ = {isa = PBXBuildFile; fileRef = 44E276CD11C15DBD00DE59F1 /* NullUpdater.m */; };
		44E2A162100E195100DD5A1D /* opennms-headingbg.png in Resources */ = {isa = PBXBuildFile; fileRef = 44E2A161100E195100DD5A1D /* opennms-headingbg.png */; };
		44E2A2ED100E5EA900DD5A1D /* ColumnarTableViewCell.m in Sources */ = {isa = PBXBuildFile; fileRef = 44E2A2EC100E5EA900DD5A1D /* ColumnarTableViewCell.m */; };
		44E63D52103A3B4D005FC19F /* NodeSearchUpdater.m in Sources */ = {isa = PBXBuildFile; fileRef = 44E63D51103A3B4D005FC19F /* NodeSearchUpdater.m */; };
		44EEAFB0101BA7340023D5BD /* NodeListView.xib in Resources */ = {isa = PBXBuildFile; fileRef = 44EEAFAF101BA7340023D5BD /* NodeListView.xib */; };
		44EEAFB4101BA7A70023D5BD /* NodeListController.m in Sources */ = {isa = PBXBuildFile; fileRef = 44EEAFB3101BA7A70023D5BD /* NodeListController.m */; };
		44F0E655100F9901000B8A22 /* CXMLDocument.m in Sources */ = {isa = PBXBuildFile; fileRef = 44F0E645100F9901000B8A22 /* CXMLDocument.m */; };
		44F0E656100F9901000B8A22 /* CXMLDocument_PrivateExtensions.m in Sources */ = {isa = PBXBuildFile; fileRef = 44F0E647100F9901000B8A22 /* CXMLDocument_PrivateExtensions.m */; };
		44F0E657100F9901000B8A22 /* CXMLElement.m in Sources */ = {isa = PBXBuildFile; fileRef = 44F0E649100F9901000B8A22 /* CXMLElement.m */; };
		44F0E65A100F9901000B8A22 /* CXMLNode.m in Sources */ = {isa = PBXBuildFile; fileRef = 44F0E64F100F9901000B8A22 /* CXMLNode.m */; };
		44F0E65B100F9901000B8A22 /* CXMLNode_PrivateExtensions.m in Sources */ = {isa = PBXBuildFile; fileRef = 44F0E651100F9901000B8A22 /* CXMLNode_PrivateExtensions.m */; };
		44F0E6A6100F9B1F000B8A22 /* CXMLDocument_CreationExtensions.m in Sources */ = {isa = PBXBuildFile; fileRef = 44F0E6A3100F9B1F000B8A22 /* CXMLDocument_CreationExtensions.m */; };
		44F0E6A7100F9B1F000B8A22 /* CXMLNode_CreationExtensions.m in Sources */ = {isa = PBXBuildFile; fileRef = 44F0E6A5100F9B1F000B8A22 /* CXMLNode_CreationExtensions.m */; };
		44F0E6AA100F9B8B000B8A22 /* CXMLElement_CreationExtensions.m in Sources */ = {isa = PBXBuildFile; fileRef = 44F0E64B100F9901000B8A22 /* CXMLElement_CreationExtensions.m */; };
		44F0E6AB100F9B8C000B8A22 /* CXMLElement_ElementTreeExtensions.m in Sources */ = {isa = PBXBuildFile; fileRef = 44F0E64D100F9901000B8A22 /* CXMLElement_ElementTreeExtensions.m */; };
/* End PBXBuildFile section */

/* Begin PBXFileReference section */
		1D30AB110D05D00D00671497 /* Foundation.framework */ = {isa = PBXFileReference; lastKnownFileType = wrapper.framework; name = Foundation.framework; path = System/Library/Frameworks/Foundation.framework; sourceTree = SDKROOT; };
		1D3623240D0F684500981E51 /* OpenNMSAppDelegate.h */ = {isa = PBXFileReference; fileEncoding = 4; lastKnownFileType = sourcecode.c.h; path = OpenNMSAppDelegate.h; sourceTree = "<group>"; };
		1D3623250D0F684500981E51 /* OpenNMSAppDelegate.m */ = {isa = PBXFileReference; fileEncoding = 4; lastKnownFileType = sourcecode.c.objc; path = OpenNMSAppDelegate.m; sourceTree = "<group>"; };
		1D6058910D05DD3D006BFB54 /* OpenNMS Client.app */ = {isa = PBXFileReference; explicitFileType = wrapper.application; includeInIndex = 0; path = "OpenNMS Client.app"; sourceTree = BUILT_PRODUCTS_DIR; };
		1DF5F4DF0D08C38300B7A737 /* UIKit.framework */ = {isa = PBXFileReference; lastKnownFileType = wrapper.framework; name = UIKit.framework; path = System/Library/Frameworks/UIKit.framework; sourceTree = SDKROOT; };
		288765070DF74369002DB57D /* CoreGraphics.framework */ = {isa = PBXFileReference; lastKnownFileType = wrapper.framework; name = CoreGraphics.framework; path = System/Library/Frameworks/CoreGraphics.framework; sourceTree = SDKROOT; };
		28A0AB4B0D9B1048005BE974 /* OpenNMS_Prefix.pch */ = {isa = PBXFileReference; fileEncoding = 4; lastKnownFileType = sourcecode.c.h; path = OpenNMS_Prefix.pch; sourceTree = "<group>"; };
		28AD73870D9D96C1002E5188 /* MainWindow.xib */ = {isa = PBXFileReference; lastKnownFileType = file.xib; name = MainWindow.xib; path = Resources/Interfaces/MainWindow.xib; sourceTree = "<group>"; };
		29B97316FDCFA39411CA2CEA /* main.m */ = {isa = PBXFileReference; fileEncoding = 4; lastKnownFileType = sourcecode.c.objc; path = main.m; sourceTree = "<group>"; };
		440AD049102F91EF00CC63C9 /* NodeUpdater.h */ = {isa = PBXFileReference; fileEncoding = 4; lastKnownFileType = sourcecode.c.h; name = NodeUpdater.h; path = Data/NodeUpdater.h; sourceTree = "<group>"; };
		440AD04A102F91EF00CC63C9 /* NodeUpdater.m */ = {isa = PBXFileReference; fileEncoding = 4; lastKnownFileType = sourcecode.c.objc; name = NodeUpdater.m; path = Data/NodeUpdater.m; sourceTree = "<group>"; };
		440AD064102F924E00CC63C9 /* NodeUpdateHandler.h */ = {isa = PBXFileReference; fileEncoding = 4; lastKnownFileType = sourcecode.c.h; name = NodeUpdateHandler.h; path = Data/NodeUpdateHandler.h; sourceTree = "<group>"; };
		440AD065102F924E00CC63C9 /* NodeUpdateHandler.m */ = {isa = PBXFileReference; fileEncoding = 4; lastKnownFileType = sourcecode.c.objc; name = NodeUpdateHandler.m; path = Data/NodeUpdateHandler.m; sourceTree = "<group>"; };
		440B00841008C941005DB69C /* FuzzyDate.h */ = {isa = PBXFileReference; fileEncoding = 4; lastKnownFileType = sourcecode.c.h; path = FuzzyDate.h; sourceTree = "<group>"; };
		440B00851008C941005DB69C /* FuzzyDate.m */ = {isa = PBXFileReference; fileEncoding = 4; lastKnownFileType = sourcecode.c.objc; path = FuzzyDate.m; sourceTree = "<group>"; };
		44227C4D102B6CD200D00033 /* AlarmUpdateHandler.h */ = {isa = PBXFileReference; fileEncoding = 4; lastKnownFileType = sourcecode.c.h; name = AlarmUpdateHandler.h; path = Data/AlarmUpdateHandler.h; sourceTree = "<group>"; };
		44227C4E102B6CD200D00033 /* AlarmUpdateHandler.m */ = {isa = PBXFileReference; fileEncoding = 4; lastKnownFileType = sourcecode.c.objc; name = AlarmUpdateHandler.m; path = Data/AlarmUpdateHandler.m; sourceTree = "<group>"; };
		44237783102CC73300D49DFA /* AlarmTableView.h */ = {isa = PBXFileReference; fileEncoding = 4; lastKnownFileType = sourcecode.c.h; name = AlarmTableView.h; path = Views/AlarmTableView.h; sourceTree = "<group>"; };
		44237784102CC73300D49DFA /* AlarmTableView.m */ = {isa = PBXFileReference; fileEncoding = 4; lastKnownFileType = sourcecode.c.objc; name = AlarmTableView.m; path = Views/AlarmTableView.m; sourceTree = "<group>"; };
		4424345F1024E7C100658DB1 /* AlarmDetailController.h */ = {isa = PBXFileReference; fileEncoding = 4; lastKnownFileType = sourcecode.c.h; name = AlarmDetailController.h; path = Controllers/AlarmDetailController.h; sourceTree = "<group>"; };
		442434601024E7C100658DB1 /* AlarmDetailController.m */ = {isa = PBXFileReference; fileEncoding = 4; lastKnownFileType = sourcecode.c.objc; name = AlarmDetailController.m; path = Controllers/AlarmDetailController.m; sourceTree = "<group>"; };
		44263CF410112F4100717409 /* AboutViewController.h */ = {isa = PBXFileReference; fileEncoding = 4; lastKnownFileType = sourcecode.c.h; name = AboutViewController.h; path = Controllers/AboutViewController.h; sourceTree = "<group>"; };
		44263CF510112F4100717409 /* AboutViewController.m */ = {isa = PBXFileReference; fileEncoding = 4; lastKnownFileType = sourcecode.c.objc; name = AboutViewController.m; path = Controllers/AboutViewController.m; sourceTree = "<group>"; };
		44263CF810112F4100717409 /* NodeDetailController.h */ = {isa = PBXFileReference; fileEncoding = 4; lastKnownFileType = sourcecode.c.h; name = NodeDetailController.h; path = Controllers/NodeDetailController.h; sourceTree = "<group>"; };
		44263CF910112F4100717409 /* NodeDetailController.m */ = {isa = PBXFileReference; fileEncoding = 4; lastKnownFileType = sourcecode.c.objc; name = NodeDetailController.m; path = Controllers/NodeDetailController.m; sourceTree = "<group>"; };
		44263D241011301500717409 /* OutageListController.h */ = {isa = PBXFileReference; fileEncoding = 4; lastKnownFileType = sourcecode.c.h; name = OutageListController.h; path = Controllers/OutageListController.h; sourceTree = "<group>"; };
		44263D251011301500717409 /* OutageListController.m */ = {isa = PBXFileReference; fileEncoding = 4; lastKnownFileType = sourcecode.c.objc; name = OutageListController.m; path = Controllers/OutageListController.m; sourceTree = "<group>"; };
		44263D2B1011309700717409 /* AlarmListController.h */ = {isa = PBXFileReference; fileEncoding = 4; lastKnownFileType = sourcecode.c.h; name = AlarmListController.h; path = Controllers/AlarmListController.h; sourceTree = "<group>"; };
		44263D2C1011309700717409 /* AlarmListController.m */ = {isa = PBXFileReference; fileEncoding = 4; lastKnownFileType = sourcecode.c.objc; name = AlarmListController.m; path = Controllers/AlarmListController.m; sourceTree = "<group>"; };
		442D9CB911BF3F2D0003E7A2 /* MainWindow-iPad.xib */ = {isa = PBXFileReference; lastKnownFileType = file.xib; name = "MainWindow-iPad.xib"; path = "Resources-iPad/Resources/Interfaces/MainWindow-iPad.xib"; sourceTree = "<group>"; };
		44303A3D11C2DB5E00D50F73 /* OrientationHandler.h */ = {isa = PBXFileReference; fileEncoding = 4; lastKnownFileType = sourcecode.c.h; name = OrientationHandler.h; path = Data/OrientationHandler.h; sourceTree = "<group>"; };
		44303A3E11C2DB5E00D50F73 /* OrientationHandler.m */ = {isa = PBXFileReference; fileEncoding = 4; lastKnownFileType = sourcecode.c.objc; name = OrientationHandler.m; path = Data/OrientationHandler.m; sourceTree = "<group>"; };
		4434F9DA11C1B6BF009189BD /* IPAddressInputController.h */ = {isa = PBXFileReference; fileEncoding = 4; lastKnownFileType = sourcecode.c.h; name = IPAddressInputController.h; path = Controllers/IPAddressInputController.h; sourceTree = "<group>"; };
		4434F9DB11C1B6BF009189BD /* IPAddressInputController.m */ = {isa = PBXFileReference; fileEncoding = 4; lastKnownFileType = sourcecode.c.objc; name = IPAddressInputController.m; path = Controllers/IPAddressInputController.m; sourceTree = "<group>"; };
		443665341032597400F0B7B6 /* ContextService.h */ = {isa = PBXFileReference; fileEncoding = 4; lastKnownFileType = sourcecode.c.h; path = ContextService.h; sourceTree = "<group>"; };
		443665351032597400F0B7B6 /* ContextService.m */ = {isa = PBXFileReference; fileEncoding = 4; lastKnownFileType = sourcecode.c.objc; path = ContextService.m; sourceTree = "<group>"; };
		44367A1610385E6C008E6799 /* AckUpdater.h */ = {isa = PBXFileReference; fileEncoding = 4; lastKnownFileType = sourcecode.c.h; name = AckUpdater.h; path = Data/AckUpdater.h; sourceTree = "<group>"; };
		44367A1710385E6C008E6799 /* AckUpdater.m */ = {isa = PBXFileReference; fileEncoding = 4; lastKnownFileType = sourcecode.c.objc; name = AckUpdater.m; path = Data/AckUpdater.m; sourceTree = "<group>"; };
		44367A231038608D008E6799 /* AlarmFactory.h */ = {isa = PBXFileReference; fileEncoding = 4; lastKnownFileType = sourcecode.c.h; name = AlarmFactory.h; path = Data/AlarmFactory.h; sourceTree = "<group>"; };
		44367A241038608D008E6799 /* AlarmFactory.m */ = {isa = PBXFileReference; fileEncoding = 4; lastKnownFileType = sourcecode.c.objc; name = AlarmFactory.m; path = Data/AlarmFactory.m; sourceTree = "<group>"; };
		44367B461038E273008E6799 /* SnmpInterfaceFactory.h */ = {isa = PBXFileReference; fileEncoding = 4; lastKnownFileType = sourcecode.c.h; name = SnmpInterfaceFactory.h; path = Data/SnmpInterfaceFactory.h; sourceTree = "<group>"; };
		44367B471038E273008E6799 /* SnmpInterfaceFactory.m */ = {isa = PBXFileReference; fileEncoding = 4; lastKnownFileType = sourcecode.c.objc; name = SnmpInterfaceFactory.m; path = Data/SnmpInterfaceFactory.m; sourceTree = "<group>"; };
		44367B481038E273008E6799 /* SnmpInterfaceUpdateHandler.h */ = {isa = PBXFileReference; fileEncoding = 4; lastKnownFileType = sourcecode.c.h; name = SnmpInterfaceUpdateHandler.h; path = Data/SnmpInterfaceUpdateHandler.h; sourceTree = "<group>"; };
		44367B491038E273008E6799 /* SnmpInterfaceUpdateHandler.m */ = {isa = PBXFileReference; fileEncoding = 4; lastKnownFileType = sourcecode.c.objc; name = SnmpInterfaceUpdateHandler.m; path = Data/SnmpInterfaceUpdateHandler.m; sourceTree = "<group>"; };
		44367B4A1038E273008E6799 /* SnmpInterfaceUpdater.h */ = {isa = PBXFileReference; fileEncoding = 4; lastKnownFileType = sourcecode.c.h; name = SnmpInterfaceUpdater.h; path = Data/SnmpInterfaceUpdater.h; sourceTree = "<group>"; };
		44367B4B1038E273008E6799 /* SnmpInterfaceUpdater.m */ = {isa = PBXFileReference; fileEncoding = 4; lastKnownFileType = sourcecode.c.objc; name = SnmpInterfaceUpdater.m; path = Data/SnmpInterfaceUpdater.m; sourceTree = "<group>"; };
		44367BDF10397225008E6799 /* IpInterfaceFactory.h */ = {isa = PBXFileReference; fileEncoding = 4; lastKnownFileType = sourcecode.c.h; name = IpInterfaceFactory.h; path = Data/IpInterfaceFactory.h; sourceTree = "<group>"; };
		44367BE010397225008E6799 /* IpInterfaceFactory.m */ = {isa = PBXFileReference; fileEncoding = 4; lastKnownFileType = sourcecode.c.objc; name = IpInterfaceFactory.m; path = Data/IpInterfaceFactory.m; sourceTree = "<group>"; };
		44367BE110397225008E6799 /* IpInterfaceUpdateHandler.h */ = {isa = PBXFileReference; fileEncoding = 4; lastKnownFileType = sourcecode.c.h; name = IpInterfaceUpdateHandler.h; path = Data/IpInterfaceUpdateHandler.h; sourceTree = "<group>"; };
		44367BE210397225008E6799 /* IpInterfaceUpdateHandler.m */ = {isa = PBXFileReference; fileEncoding = 4; lastKnownFileType = sourcecode.c.objc; name = IpInterfaceUpdateHandler.m; path = Data/IpInterfaceUpdateHandler.m; sourceTree = "<group>"; };
		44367BE310397225008E6799 /* IpInterfaceUpdater.h */ = {isa = PBXFileReference; fileEncoding = 4; lastKnownFileType = sourcecode.c.h; name = IpInterfaceUpdater.h; path = Data/IpInterfaceUpdater.h; sourceTree = "<group>"; };
		44367BE410397225008E6799 /* IpInterfaceUpdater.m */ = {isa = PBXFileReference; fileEncoding = 4; lastKnownFileType = sourcecode.c.objc; name = IpInterfaceUpdater.m; path = Data/IpInterfaceUpdater.m; sourceTree = "<group>"; };
		44367C4610397B30008E6799 /* EventFactory.h */ = {isa = PBXFileReference; fileEncoding = 4; lastKnownFileType = sourcecode.c.h; name = EventFactory.h; path = Data/EventFactory.h; sourceTree = "<group>"; };
		44367C4710397B30008E6799 /* EventFactory.m */ = {isa = PBXFileReference; fileEncoding = 4; lastKnownFileType = sourcecode.c.objc; name = EventFactory.m; path = Data/EventFactory.m; sourceTree = "<group>"; };
		44367C4810397B30008E6799 /* EventUpdateHandler.h */ = {isa = PBXFileReference; fileEncoding = 4; lastKnownFileType = sourcecode.c.h; name = EventUpdateHandler.h; path = Data/EventUpdateHandler.h; sourceTree = "<group>"; };
		44367C4910397B30008E6799 /* EventUpdateHandler.m */ = {isa = PBXFileReference; fileEncoding = 4; lastKnownFileType = sourcecode.c.objc; name = EventUpdateHandler.m; path = Data/EventUpdateHandler.m; sourceTree = "<group>"; };
		44367C4A10397B30008E6799 /* EventUpdater.h */ = {isa = PBXFileReference; fileEncoding = 4; lastKnownFileType = sourcecode.c.h; name = EventUpdater.h; path = Data/EventUpdater.h; sourceTree = "<group>"; };
		44367C4B10397B30008E6799 /* EventUpdater.m */ = {isa = PBXFileReference; fileEncoding = 4; lastKnownFileType = sourcecode.c.objc; name = EventUpdater.m; path = Data/EventUpdater.m; sourceTree = "<group>"; };
		4437965211C07FDF00D36464 /* Icon-Small-50.png */ = {isa = PBXFileReference; lastKnownFileType = image.png; name = "Icon-Small-50.png"; path = "Resources/Images/Icon-Small-50.png"; sourceTree = "<group>"; };
		4437965311C07FDF00D36464 /* iPadAppIcon.png */ = {isa = PBXFileReference; lastKnownFileType = image.png; name = iPadAppIcon.png; path = Resources/Images/iPadAppIcon.png; sourceTree = "<group>"; };
		4437965411C07FDF00D36464 /* iPhoneAppIcon.png */ = {isa = PBXFileReference; lastKnownFileType = image.png; name = iPhoneAppIcon.png; path = Resources/Images/iPhoneAppIcon.png; sourceTree = "<group>"; };
		4437966411C0845100D36464 /* Default-Portrait.png */ = {isa = PBXFileReference; lastKnownFileType = image.png; name = "Default-Portrait.png"; path = "Resources/Images/Default-Portrait.png"; sourceTree = "<group>"; };
		4437974911C0B72300D36464 /* BaseController.h */ = {isa = PBXFileReference; fileEncoding = 4; lastKnownFileType = sourcecode.c.h; name = BaseController.h; path = Controllers/BaseController.h; sourceTree = "<group>"; };
		4437974A11C0B72300D36464 /* BaseController.m */ = {isa = PBXFileReference; fileEncoding = 4; lastKnownFileType = sourcecode.c.objc; name = BaseController.m; path = Controllers/BaseController.m; sourceTree = "<group>"; };
		4444793311C2BCD2003348D5 /* ip-dialog-box.png */ = {isa = PBXFileReference; lastKnownFileType = image.png; name = "ip-dialog-box.png"; path = "Resources/Images/ip-dialog-box.png"; sourceTree = "<group>"; };
		4444794411C2C0E5003348D5 /* green-button-default.png */ = {isa = PBXFileReference; lastKnownFileType = image.png; name = "green-button-default.png"; path = "Resources/Images/green-button-default.png"; sourceTree = "<group>"; };
		4444794511C2C0E5003348D5 /* green-button-hilighted.png */ = {isa = PBXFileReference; lastKnownFileType = image.png; name = "green-button-hilighted.png"; path = "Resources/Images/green-button-hilighted.png"; sourceTree = "<group>"; };
		4448642911C2FD9400D54649 /* DiscoverIPAddressView.xib */ = {isa = PBXFileReference; lastKnownFileType = file.xib; name = DiscoverIPAddressView.xib; path = Resources/Interfaces/DiscoverIPAddressView.xib; sourceTree = "<group>"; };
		4448646111C304CA00D54649 /* DiscoverIPAddressView-iPad.xib */ = {isa = PBXFileReference; lastKnownFileType = file.xib; name = "DiscoverIPAddressView-iPad.xib"; path = "Resources-iPad/Resources/Interfaces/DiscoverIPAddressView-iPad.xib"; sourceTree = "<group>"; };
		445221EB1030848500F77B2C /* Alarm.h */ = {isa = PBXFileReference; fileEncoding = 4; lastKnownFileType = sourcecode.c.h; name = Alarm.h; path = Objects/Alarm.h; sourceTree = "<group>"; };
		445221EC1030848500F77B2C /* Alarm.m */ = {isa = PBXFileReference; fileEncoding = 4; lastKnownFileType = sourcecode.c.objc; name = Alarm.m; path = Objects/Alarm.m; sourceTree = "<group>"; };
		445221ED1030848500F77B2C /* Event.h */ = {isa = PBXFileReference; fileEncoding = 4; lastKnownFileType = sourcecode.c.h; name = Event.h; path = Objects/Event.h; sourceTree = "<group>"; };
		445221EE1030848500F77B2C /* Event.m */ = {isa = PBXFileReference; fileEncoding = 4; lastKnownFileType = sourcecode.c.objc; name = Event.m; path = Objects/Event.m; sourceTree = "<group>"; };
		445221EF1030848500F77B2C /* IpInterface.h */ = {isa = PBXFileReference; fileEncoding = 4; lastKnownFileType = sourcecode.c.h; name = IpInterface.h; path = Objects/IpInterface.h; sourceTree = "<group>"; };
		445221F01030848500F77B2C /* IpInterface.m */ = {isa = PBXFileReference; fileEncoding = 4; lastKnownFileType = sourcecode.c.objc; name = IpInterface.m; path = Objects/IpInterface.m; sourceTree = "<group>"; };
		445221F11030848500F77B2C /* Node.h */ = {isa = PBXFileReference; fileEncoding = 4; lastKnownFileType = sourcecode.c.h; name = Node.h; path = Objects/Node.h; sourceTree = "<group>"; };
		445221F21030848500F77B2C /* Node.m */ = {isa = PBXFileReference; fileEncoding = 4; lastKnownFileType = sourcecode.c.objc; name = Node.m; path = Objects/Node.m; sourceTree = "<group>"; };
		445221F31030848500F77B2C /* Outage.h */ = {isa = PBXFileReference; fileEncoding = 4; lastKnownFileType = sourcecode.c.h; name = Outage.h; path = Objects/Outage.h; sourceTree = "<group>"; };
		445221F41030848500F77B2C /* Outage.m */ = {isa = PBXFileReference; fileEncoding = 4; lastKnownFileType = sourcecode.c.objc; name = Outage.m; path = Objects/Outage.m; sourceTree = "<group>"; };
		445221F51030848500F77B2C /* SnmpInterface.h */ = {isa = PBXFileReference; fileEncoding = 4; lastKnownFileType = sourcecode.c.h; name = SnmpInterface.h; path = Objects/SnmpInterface.h; sourceTree = "<group>"; };
		445221F61030848500F77B2C /* SnmpInterface.m */ = {isa = PBXFileReference; fileEncoding = 4; lastKnownFileType = sourcecode.c.objc; name = SnmpInterface.m; path = Objects/SnmpInterface.m; sourceTree = "<group>"; };
		445222991030CD3D00F77B2C /* OutageFactory.h */ = {isa = PBXFileReference; fileEncoding = 4; lastKnownFileType = sourcecode.c.h; name = OutageFactory.h; path = Data/OutageFactory.h; sourceTree = "<group>"; };
		4452229A1030CD3D00F77B2C /* OutageFactory.m */ = {isa = PBXFileReference; fileEncoding = 4; lastKnownFileType = sourcecode.c.objc; name = OutageFactory.m; path = Data/OutageFactory.m; sourceTree = "<group>"; };
		4455723711BF4E73006CE642 /* AlarmView.xib */ = {isa = PBXFileReference; fileEncoding = 4; lastKnownFileType = file.xib; name = AlarmView.xib; path = "Resources-iPad/Resources/Interfaces/AlarmView.xib"; sourceTree = "<group>"; };
		4455723811BF4E73006CE642 /* NodeListView.xib */ = {isa = PBXFileReference; fileEncoding = 4; lastKnownFileType = file.xib; name = NodeListView.xib; path = "Resources-iPad/Resources/Interfaces/NodeListView.xib"; sourceTree = "<group>"; };
		4455723911BF4E73006CE642 /* OutageView.xib */ = {isa = PBXFileReference; fileEncoding = 4; lastKnownFileType = file.xib; name = OutageView.xib; path = "Resources-iPad/Resources/Interfaces/OutageView.xib"; sourceTree = "<group>"; };
		4458310D11BD900200CAC95E /* ASIAuthenticationDialog.h */ = {isa = PBXFileReference; fileEncoding = 4; lastKnownFileType = sourcecode.c.h; path = ASIAuthenticationDialog.h; sourceTree = "<group>"; };
		4458310E11BD900200CAC95E /* ASIAuthenticationDialog.m */ = {isa = PBXFileReference; fileEncoding = 4; lastKnownFileType = sourcecode.c.objc; path = ASIAuthenticationDialog.m; sourceTree = "<group>"; };
		4458310F11BD900200CAC95E /* ASIHTTPRequestConfig.h */ = {isa = PBXFileReference; fileEncoding = 4; lastKnownFileType = sourcecode.c.h; path = ASIHTTPRequestConfig.h; sourceTree = "<group>"; };
		4458311011BD900200CAC95E /* ASIHTTPRequestDelegate.h */ = {isa = PBXFileReference; fileEncoding = 4; lastKnownFileType = sourcecode.c.h; path = ASIHTTPRequestDelegate.h; sourceTree = "<group>"; };
		4458311111BD900200CAC95E /* ASIProgressDelegate.h */ = {isa = PBXFileReference; fileEncoding = 4; lastKnownFileType = sourcecode.c.h; path = ASIProgressDelegate.h; sourceTree = "<group>"; };
		4458311C11BD978B00CAC95E /* SliderCell.h */ = {isa = PBXFileReference; fileEncoding = 4; lastKnownFileType = sourcecode.c.h; name = SliderCell.h; path = "External Classes/mySettings/Code/Classes/SliderCell.h"; sourceTree = "<group>"; };
		4458311D11BD978B00CAC95E /* SliderCell.m */ = {isa = PBXFileReference; fileEncoding = 4; lastKnownFileType = sourcecode.c.objc; name = SliderCell.m; path = "External Classes/mySettings/Code/Classes/SliderCell.m"; sourceTree = "<group>"; };
		44644886102DE463005697EF /* NodeFactory.h */ = {isa = PBXFileReference; fileEncoding = 4; lastKnownFileType = sourcecode.c.h; name = NodeFactory.h; path = Data/NodeFactory.h; sourceTree = "<group>"; };
		44644887102DE463005697EF /* NodeFactory.m */ = {isa = PBXFileReference; fileEncoding = 4; lastKnownFileType = sourcecode.c.objc; name = NodeFactory.m; path = Data/NodeFactory.m; sourceTree = "<group>"; };
		44700FAC1007D5D8006CE665 /* ASIFormDataRequest.h */ = {isa = PBXFileReference; fileEncoding = 4; lastKnownFileType = sourcecode.c.h; path = ASIFormDataRequest.h; sourceTree = "<group>"; };
		44700FAD1007D5D8006CE665 /* ASIFormDataRequest.m */ = {isa = PBXFileReference; fileEncoding = 4; lastKnownFileType = sourcecode.c.objc; path = ASIFormDataRequest.m; sourceTree = "<group>"; };
		44700FAE1007D5D8006CE665 /* ASIHTTPRequest.h */ = {isa = PBXFileReference; fileEncoding = 4; lastKnownFileType = sourcecode.c.h; path = ASIHTTPRequest.h; sourceTree = "<group>"; };
		44700FAF1007D5D8006CE665 /* ASIHTTPRequest.m */ = {isa = PBXFileReference; fileEncoding = 4; lastKnownFileType = sourcecode.c.objc; path = ASIHTTPRequest.m; sourceTree = "<group>"; };
		44700FB01007D5D8006CE665 /* ASINetworkQueue.h */ = {isa = PBXFileReference; fileEncoding = 4; lastKnownFileType = sourcecode.c.h; path = ASINetworkQueue.h; sourceTree = "<group>"; };
		44700FB11007D5D8006CE665 /* ASINetworkQueue.m */ = {isa = PBXFileReference; fileEncoding = 4; lastKnownFileType = sourcecode.c.objc; path = ASINetworkQueue.m; sourceTree = "<group>"; };
		44700FB21007D5D8006CE665 /* ASINSStringAdditions.h */ = {isa = PBXFileReference; fileEncoding = 4; lastKnownFileType = sourcecode.c.h; path = ASINSStringAdditions.h; sourceTree = "<group>"; };
		44700FB31007D5D8006CE665 /* ASINSStringAdditions.m */ = {isa = PBXFileReference; fileEncoding = 4; lastKnownFileType = sourcecode.c.objc; path = ASINSStringAdditions.m; sourceTree = "<group>"; };
		44700FCD1007D60B006CE665 /* CFNetwork.framework */ = {isa = PBXFileReference; lastKnownFileType = wrapper.framework; name = CFNetwork.framework; path = System/Library/Frameworks/CFNetwork.framework; sourceTree = SDKROOT; };
		44700FCF1007D60B006CE665 /* libz.1.dylib */ = {isa = PBXFileReference; lastKnownFileType = "compiled.mach-o.dylib"; name = libz.1.dylib; path = usr/lib/libz.1.dylib; sourceTree = SDKROOT; };
		44700FD51007D688006CE665 /* libxml2.dylib */ = {isa = PBXFileReference; lastKnownFileType = "compiled.mach-o.dylib"; name = libxml2.dylib; path = usr/lib/libxml2.dylib; sourceTree = SDKROOT; };
		44700FF61007D781006CE665 /* Icon-Small.png */ = {isa = PBXFileReference; lastKnownFileType = image.png; name = "Icon-Small.png"; path = "Resources/Images/Icon-Small.png"; sourceTree = "<group>"; };
		44700FFE1007DA78006CE665 /* clock.png */ = {isa = PBXFileReference; lastKnownFileType = image.png; name = clock.png; path = Resources/Images/clock.png; sourceTree = "<group>"; };
		44700FFF1007DA78006CE665 /* ekg.png */ = {isa = PBXFileReference; lastKnownFileType = image.png; name = ekg.png; path = Resources/Images/ekg.png; sourceTree = "<group>"; };
		4470101E1007F0D7006CE665 /* AlarmView.xib */ = {isa = PBXFileReference; lastKnownFileType = file.xib; name = AlarmView.xib; path = Resources/Interfaces/AlarmView.xib; sourceTree = "<group>"; };
		4470101F1007F0D7006CE665 /* OutageView.xib */ = {isa = PBXFileReference; lastKnownFileType = file.xib; name = OutageView.xib; path = Resources/Interfaces/OutageView.xib; sourceTree = "<group>"; };
		448148551029CBDF00083FF9 /* CoreData.framework */ = {isa = PBXFileReference; lastKnownFileType = wrapper.framework; name = CoreData.framework; path = System/Library/Frameworks/CoreData.framework; sourceTree = SDKROOT; };
		448148691029D25A00083FF9 /* BaseUpdater.h */ = {isa = PBXFileReference; fileEncoding = 4; lastKnownFileType = sourcecode.c.h; name = BaseUpdater.h; path = Data/BaseUpdater.h; sourceTree = "<group>"; };
		4481486A1029D25A00083FF9 /* BaseUpdater.m */ = {isa = PBXFileReference; fileEncoding = 4; lastKnownFileType = sourcecode.c.objc; name = BaseUpdater.m; path = Data/BaseUpdater.m; sourceTree = "<group>"; };
		4481488C1029D41400083FF9 /* AlarmListUpdater.h */ = {isa = PBXFileReference; fileEncoding = 4; lastKnownFileType = sourcecode.c.h; name = AlarmListUpdater.h; path = Data/AlarmListUpdater.h; sourceTree = "<group>"; };
		4481488D1029D41400083FF9 /* AlarmListUpdater.m */ = {isa = PBXFileReference; fileEncoding = 4; lastKnownFileType = sourcecode.c.objc; name = AlarmListUpdater.m; path = Data/AlarmListUpdater.m; sourceTree = "<group>"; };
		448AC2C410097B6700C2621C /* Settings.bundle */ = {isa = PBXFileReference; lastKnownFileType = "wrapper.plug-in"; name = Settings.bundle; path = Resources/Settings.bundle; sourceTree = "<group>"; };
		448D5AF6102BC9F5008416E3 /* AlarmUpdater.h */ = {isa = PBXFileReference; fileEncoding = 4; lastKnownFileType = sourcecode.c.h; name = AlarmUpdater.h; path = Data/AlarmUpdater.h; sourceTree = "<group>"; };
		448D5AF7102BC9F5008416E3 /* AlarmUpdater.m */ = {isa = PBXFileReference; fileEncoding = 4; lastKnownFileType = sourcecode.c.objc; name = AlarmUpdater.m; path = Data/AlarmUpdater.m; sourceTree = "<group>"; };
		448EE92A101E0CF800063B32 /* OnmsSeverity.h */ = {isa = PBXFileReference; fileEncoding = 4; lastKnownFileType = sourcecode.c.h; name = OnmsSeverity.h; path = Objects/OnmsSeverity.h; sourceTree = "<group>"; };
		448EE92B101E0CF800063B32 /* OnmsSeverity.m */ = {isa = PBXFileReference; fileEncoding = 4; lastKnownFileType = sourcecode.c.objc; name = OnmsSeverity.m; path = Objects/OnmsSeverity.m; sourceTree = "<group>"; };
		448EEA97101E3A2600063B32 /* RegexKitLite.h */ = {isa = PBXFileReference; fileEncoding = 4; lastKnownFileType = sourcecode.c.h; name = RegexKitLite.h; path = "External Classes/RegexKitLite/RegexKitLite.h"; sourceTree = "<group>"; };
		448EEA98101E3A2600063B32 /* RegexKitLite.m */ = {isa = PBXFileReference; fileEncoding = 4; lastKnownFileType = sourcecode.c.objc; name = RegexKitLite.m; path = "External Classes/RegexKitLite/RegexKitLite.m"; sourceTree = "<group>"; };
		448EEAA3101E3B7400063B32 /* libicucore.dylib */ = {isa = PBXFileReference; lastKnownFileType = "compiled.mach-o.dylib"; name = libicucore.dylib; path = usr/lib/libicucore.dylib; sourceTree = SDKROOT; };
		44981CCA100EA9C3006BB193 /* Default.png */ = {isa = PBXFileReference; lastKnownFileType = image.png; name = Default.png; path = Resources/Images/Default.png; sourceTree = "<group>"; };
		44B8E1A1102DB0A9003DBB9B /* OutageListUpdater.h */ = {isa = PBXFileReference; fileEncoding = 4; lastKnownFileType = sourcecode.c.h; name = OutageListUpdater.h; path = Data/OutageListUpdater.h; sourceTree = "<group>"; };
		44B8E1A2102DB0A9003DBB9B /* OutageListUpdater.m */ = {isa = PBXFileReference; fileEncoding = 4; lastKnownFileType = sourcecode.c.objc; name = OutageListUpdater.m; path = Data/OutageListUpdater.m; sourceTree = "<group>"; };
		44B8E1E0102DB4E6003DBB9B /* OutageUpdateHandler.h */ = {isa = PBXFileReference; fileEncoding = 4; lastKnownFileType = sourcecode.c.h; name = OutageUpdateHandler.h; path = Data/OutageUpdateHandler.h; sourceTree = "<group>"; };
		44B8E1E1102DB4E6003DBB9B /* OutageUpdateHandler.m */ = {isa = PBXFileReference; fileEncoding = 4; lastKnownFileType = sourcecode.c.objc; name = OutageUpdateHandler.m; path = Data/OutageUpdateHandler.m; sourceTree = "<group>"; };
		44BBA447100CE84F001257CB /* question-mark-helvetica.png */ = {isa = PBXFileReference; lastKnownFileType = image.png; name = "question-mark-helvetica.png"; path = "Resources/Images/question-mark-helvetica.png"; sourceTree = "<group>"; };
		44BBA449100CE90B001257CB /* o.png */ = {isa = PBXFileReference; lastKnownFileType = image.png; name = o.png; path = Resources/Images/o.png; sourceTree = "<group>"; };
		44BE14FA11BDBA8A0033B0B3 /* MobileCoreServices.framework */ = {isa = PBXFileReference; lastKnownFileType = wrapper.framework; name = MobileCoreServices.framework; path = System/Library/Frameworks/MobileCoreServices.framework; sourceTree = SDKROOT; };
		44C1F7FA10359C870087291F /* Reachability.h */ = {isa = PBXFileReference; fileEncoding = 4; lastKnownFileType = sourcecode.c.h; path = Reachability.h; sourceTree = "<group>"; };
		44C1F7FB10359C870087291F /* Reachability.m */ = {isa = PBXFileReference; fileEncoding = 4; lastKnownFileType = sourcecode.c.objc; path = Reachability.m; sourceTree = "<group>"; };
		44C1F81F10359D140087291F /* SystemConfiguration.framework */ = {isa = PBXFileReference; lastKnownFileType = wrapper.framework; name = SystemConfiguration.framework; path = System/Library/Frameworks/SystemConfiguration.framework; sourceTree = SDKROOT; };
		44C1F82610359D350087291F /* ASIInputStream.h */ = {isa = PBXFileReference; fileEncoding = 4; lastKnownFileType = sourcecode.c.h; path = ASIInputStream.h; sourceTree = "<group>"; };
		44C1F82710359D350087291F /* ASIInputStream.m */ = {isa = PBXFileReference; fileEncoding = 4; lastKnownFileType = sourcecode.c.objc; path = ASIInputStream.m; sourceTree = "<group>"; };
		44C8E294100CD66400A29DA0 /* display.png */ = {isa = PBXFileReference; lastKnownFileType = image.png; name = display.png; path = Resources/Images/display.png; sourceTree = "<group>"; };
		44CAE4C4103B4597001ADEB1 /* ChildPaneCell.h */ = {isa = PBXFileReference; fileEncoding = 4; lastKnownFileType = sourcecode.c.h; name = ChildPaneCell.h; path = "External Classes/mySettings/Code/Classes/ChildPaneCell.h"; sourceTree = "<group>"; };
		44CAE4C5103B4597001ADEB1 /* ChildPaneCell.m */ = {isa = PBXFileReference; fileEncoding = 4; lastKnownFileType = sourcecode.c.objc; name = ChildPaneCell.m; path = "External Classes/mySettings/Code/Classes/ChildPaneCell.m"; sourceTree = "<group>"; };
		44CAE4C6103B4597001ADEB1 /* MultiValueCell.h */ = {isa = PBXFileReference; fileEncoding = 4; lastKnownFileType = sourcecode.c.h; name = MultiValueCell.h; path = "External Classes/mySettings/Code/Classes/MultiValueCell.h"; sourceTree = "<group>"; };
		44CAE4C7103B4597001ADEB1 /* MultiValueCell.m */ = {isa = PBXFileReference; fileEncoding = 4; lastKnownFileType = sourcecode.c.objc; name = MultiValueCell.m; path = "External Classes/mySettings/Code/Classes/MultiValueCell.m"; sourceTree = "<group>"; };
		44CAE4C8103B4597001ADEB1 /* MultiValueEditorViewController.h */ = {isa = PBXFileReference; fileEncoding = 4; lastKnownFileType = sourcecode.c.h; name = MultiValueEditorViewController.h; path = "External Classes/mySettings/Code/Classes/MultiValueEditorViewController.h"; sourceTree = "<group>"; };
		44CAE4C9103B4597001ADEB1 /* MultiValueEditorViewController.m */ = {isa = PBXFileReference; fileEncoding = 4; lastKnownFileType = sourcecode.c.objc; name = MultiValueEditorViewController.m; path = "External Classes/mySettings/Code/Classes/MultiValueEditorViewController.m"; sourceTree = "<group>"; };
		44CAE4CA103B4597001ADEB1 /* MutableMetadataSource.h */ = {isa = PBXFileReference; fileEncoding = 4; lastKnownFileType = sourcecode.c.h; name = MutableMetadataSource.h; path = "External Classes/mySettings/Code/Classes/MutableMetadataSource.h"; sourceTree = "<group>"; };
		44CAE4CB103B4597001ADEB1 /* MutableMetadataSource.m */ = {isa = PBXFileReference; fileEncoding = 4; lastKnownFileType = sourcecode.c.objc; name = MutableMetadataSource.m; path = "External Classes/mySettings/Code/Classes/MutableMetadataSource.m"; sourceTree = "<group>"; };
		44CAE4CC103B4597001ADEB1 /* NumberCell.h */ = {isa = PBXFileReference; fileEncoding = 4; lastKnownFileType = sourcecode.c.h; name = NumberCell.h; path = "External Classes/mySettings/Code/Classes/NumberCell.h"; sourceTree = "<group>"; };
		44CAE4CD103B4597001ADEB1 /* NumberCell.m */ = {isa = PBXFileReference; fileEncoding = 4; lastKnownFileType = sourcecode.c.objc; name = NumberCell.m; path = "External Classes/mySettings/Code/Classes/NumberCell.m"; sourceTree = "<group>"; };
		44CAE4CE103B4597001ADEB1 /* SettingsCell.h */ = {isa = PBXFileReference; fileEncoding = 4; lastKnownFileType = sourcecode.c.h; name = SettingsCell.h; path = "External Classes/mySettings/Code/Classes/SettingsCell.h"; sourceTree = "<group>"; };
		44CAE4CF103B4597001ADEB1 /* SettingsCell.m */ = {isa = PBXFileReference; fileEncoding = 4; lastKnownFileType = sourcecode.c.objc; name = SettingsCell.m; path = "External Classes/mySettings/Code/Classes/SettingsCell.m"; sourceTree = "<group>"; };
		44CAE4D0103B4597001ADEB1 /* SettingsCellProtocol.h */ = {isa = PBXFileReference; fileEncoding = 4; lastKnownFileType = sourcecode.c.h; name = SettingsCellProtocol.h; path = "External Classes/mySettings/Code/Classes/SettingsCellProtocol.h"; sourceTree = "<group>"; };
		44CAE4D1103B4597001ADEB1 /* SettingsDelegate.h */ = {isa = PBXFileReference; fileEncoding = 4; lastKnownFileType = sourcecode.c.h; name = SettingsDelegate.h; path = "External Classes/mySettings/Code/Classes/SettingsDelegate.h"; sourceTree = "<group>"; };
		44CAE4D2103B4597001ADEB1 /* SettingsEditorViewController.h */ = {isa = PBXFileReference; fileEncoding = 4; lastKnownFileType = sourcecode.c.h; name = SettingsEditorViewController.h; path = "External Classes/mySettings/Code/Classes/SettingsEditorViewController.h"; sourceTree = "<group>"; };
		44CAE4D3103B4597001ADEB1 /* SettingsEditorViewController.m */ = {isa = PBXFileReference; fileEncoding = 4; lastKnownFileType = sourcecode.c.objc; name = SettingsEditorViewController.m; path = "External Classes/mySettings/Code/Classes/SettingsEditorViewController.m"; sourceTree = "<group>"; };
		44CAE4D4103B4597001ADEB1 /* SettingsMetadataSource.h */ = {isa = PBXFileReference; fileEncoding = 4; lastKnownFileType = sourcecode.c.h; name = SettingsMetadataSource.h; path = "External Classes/mySettings/Code/Classes/SettingsMetadataSource.h"; sourceTree = "<group>"; };
		44CAE4D5103B4597001ADEB1 /* SettingsMetadataSource.m */ = {isa = PBXFileReference; fileEncoding = 4; lastKnownFileType = sourcecode.c.objc; name = SettingsMetadataSource.m; path = "External Classes/mySettings/Code/Classes/SettingsMetadataSource.m"; sourceTree = "<group>"; };
		44CAE4D6103B4597001ADEB1 /* SettingsViewController.h */ = {isa = PBXFileReference; fileEncoding = 4; lastKnownFileType = sourcecode.c.h; name = SettingsViewController.h; path = "External Classes/mySettings/Code/Classes/SettingsViewController.h"; sourceTree = "<group>"; };
		44CAE4D7103B4597001ADEB1 /* SettingsViewController.m */ = {isa = PBXFileReference; fileEncoding = 4; lastKnownFileType = sourcecode.c.objc; name = SettingsViewController.m; path = "External Classes/mySettings/Code/Classes/SettingsViewController.m"; sourceTree = "<group>"; };
		44CAE4D8103B4597001ADEB1 /* TextfieldCell.h */ = {isa = PBXFileReference; fileEncoding = 4; lastKnownFileType = sourcecode.c.h; name = TextfieldCell.h; path = "External Classes/mySettings/Code/Classes/TextfieldCell.h"; sourceTree = "<group>"; };
		44CAE4D9103B4597001ADEB1 /* TextfieldCell.m */ = {isa = PBXFileReference; fileEncoding = 4; lastKnownFileType = sourcecode.c.objc; name = TextfieldCell.m; path = "External Classes/mySettings/Code/Classes/TextfieldCell.m"; sourceTree = "<group>"; };
		44CAE4DA103B4597001ADEB1 /* TimeIntervalCell.h */ = {isa = PBXFileReference; fileEncoding = 4; lastKnownFileType = sourcecode.c.h; name = TimeIntervalCell.h; path = "External Classes/mySettings/Code/Classes/TimeIntervalCell.h"; sourceTree = "<group>"; };
		44CAE4DB103B4597001ADEB1 /* TimeIntervalCell.m */ = {isa = PBXFileReference; fileEncoding = 4; lastKnownFileType = sourcecode.c.objc; name = TimeIntervalCell.m; path = "External Classes/mySettings/Code/Classes/TimeIntervalCell.m"; sourceTree = "<group>"; };
		44CAE4DC103B4597001ADEB1 /* ToggleSwitchCell.h */ = {isa = PBXFileReference; fileEncoding = 4; lastKnownFileType = sourcecode.c.h; name = ToggleSwitchCell.h; path = "External Classes/mySettings/Code/Classes/ToggleSwitchCell.h"; sourceTree = "<group>"; };
		44CAE4DD103B4597001ADEB1 /* ToggleSwitchCell.m */ = {isa = PBXFileReference; fileEncoding = 4; lastKnownFileType = sourcecode.c.objc; name = ToggleSwitchCell.m; path = "External Classes/mySettings/Code/Classes/ToggleSwitchCell.m"; sourceTree = "<group>"; };
		44CAE4FE103B45F8001ADEB1 /* IntegerPickerView.h */ = {isa = PBXFileReference; fileEncoding = 4; lastKnownFileType = sourcecode.c.h; name = IntegerPickerView.h; path = "External Classes/mySettings/Code/Generic classes/IntegerPickerView.h"; sourceTree = "<group>"; };
		44CAE4FF103B45F8001ADEB1 /* IntegerPickerView.m */ = {isa = PBXFileReference; fileEncoding = 4; lastKnownFileType = sourcecode.c.objc; name = IntegerPickerView.m; path = "External Classes/mySettings/Code/Generic classes/IntegerPickerView.m"; sourceTree = "<group>"; };
		44CAE500103B45F8001ADEB1 /* KMTimeIntervalFormatter.h */ = {isa = PBXFileReference; fileEncoding = 4; lastKnownFileType = sourcecode.c.h; name = KMTimeIntervalFormatter.h; path = "External Classes/mySettings/Code/Generic classes/KMTimeIntervalFormatter.h"; sourceTree = "<group>"; };
		44CAE501103B45F8001ADEB1 /* KMTimeIntervalFormatter.m */ = {isa = PBXFileReference; fileEncoding = 4; lastKnownFileType = sourcecode.c.objc; name = KMTimeIntervalFormatter.m; path = "External Classes/mySettings/Code/Generic classes/KMTimeIntervalFormatter.m"; sourceTree = "<group>"; };
		44CAE502103B45F8001ADEB1 /* LabeledPickerView.h */ = {isa = PBXFileReference; fileEncoding = 4; lastKnownFileType = sourcecode.c.h; name = LabeledPickerView.h; path = "External Classes/mySettings/Code/Generic classes/LabeledPickerView.h"; sourceTree = "<group>"; };
		44CAE503103B45F8001ADEB1 /* LabeledPickerView.m */ = {isa = PBXFileReference; fileEncoding = 4; lastKnownFileType = sourcecode.c.objc; name = LabeledPickerView.m; path = "External Classes/mySettings/Code/Generic classes/LabeledPickerView.m"; sourceTree = "<group>"; };
		44D02407100FA1D6000C5EAA /* OnmsXMLElementAdditions.h */ = {isa = PBXFileReference; fileEncoding = 4; lastKnownFileType = sourcecode.c.h; path = OnmsXMLElementAdditions.h; sourceTree = "<group>"; };
		44D02408100FA1D6000C5EAA /* OnmsXMLElementAdditions.m */ = {isa = PBXFileReference; fileEncoding = 4; lastKnownFileType = sourcecode.c.objc; path = OnmsXMLElementAdditions.m; sourceTree = "<group>"; };
		44DC95AA103BA31E0065B944 /* CalculateSize.h */ = {isa = PBXFileReference; fileEncoding = 4; lastKnownFileType = sourcecode.c.h; path = CalculateSize.h; sourceTree = "<group>"; };
		44DC95AB103BA31E0065B944 /* CalculateSize.m */ = {isa = PBXFileReference; fileEncoding = 4; lastKnownFileType = sourcecode.c.objc; path = CalculateSize.m; sourceTree = "<group>"; };
		44DD4ABE102DDC2A005B4F34 /* OpenNMS.xcdatamodel */ = {isa = PBXFileReference; lastKnownFileType = wrapper.xcdatamodel; path = OpenNMS.xcdatamodel; sourceTree = "<group>"; };
		44DEAE411029E02300634C2F /* config.h */ = {isa = PBXFileReference; fileEncoding = 4; lastKnownFileType = sourcecode.c.h; path = config.h; sourceTree = "<group>"; };
		44DEAF3A102A32E700634C2F /* UpdateHandler.h */ = {isa = PBXFileReference; fileEncoding = 4; lastKnownFileType = sourcecode.c.h; name = UpdateHandler.h; path = Data/UpdateHandler.h; sourceTree = "<group>"; };
		44DEAF3B102A32E700634C2F /* UpdateHandler.m */ = {isa = PBXFileReference; fileEncoding = 4; lastKnownFileType = sourcecode.c.objc; name = UpdateHandler.m; path = Data/UpdateHandler.m; sourceTree = "<group>"; };
		44E276CC11C15DBD00DE59F1 /* NullUpdater.h */ = {isa = PBXFileReference; fileEncoding = 4; lastKnownFileType = sourcecode.c.h; path = NullUpdater.h; sourceTree = "<group>"; };
		44E276CD11C15DBD00DE59F1 /* NullUpdater.m */ = {isa = PBXFileReference; fileEncoding = 4; lastKnownFileType = sourcecode.c.objc; path = NullUpdater.m; sourceTree = "<group>"; };
		44E2A161100E195100DD5A1D /* opennms-headingbg.png */ = {isa = PBXFileReference; lastKnownFileType = image.png; name = "opennms-headingbg.png"; path = "Resources/Images/opennms-headingbg.png"; sourceTree = "<group>"; };
		44E2A2EB100E5EA900DD5A1D /* ColumnarTableViewCell.h */ = {isa = PBXFileReference; fileEncoding = 4; lastKnownFileType = sourcecode.c.h; name = ColumnarTableViewCell.h; path = Views/ColumnarTableViewCell.h; sourceTree = "<group>"; };
		44E2A2EC100E5EA900DD5A1D /* ColumnarTableViewCell.m */ = {isa = PBXFileReference; fileEncoding = 4; lastKnownFileType = sourcecode.c.objc; name = ColumnarTableViewCell.m; path = Views/ColumnarTableViewCell.m; sourceTree = "<group>"; };
		44E63D50103A3B4D005FC19F /* NodeSearchUpdater.h */ = {isa = PBXFileReference; fileEncoding = 4; lastKnownFileType = sourcecode.c.h; name = NodeSearchUpdater.h; path = Data/NodeSearchUpdater.h; sourceTree = "<group>"; };
		44E63D51103A3B4D005FC19F /* NodeSearchUpdater.m */ = {isa = PBXFileReference; fileEncoding = 4; lastKnownFileType = sourcecode.c.objc; name = NodeSearchUpdater.m; path = Data/NodeSearchUpdater.m; sourceTree = "<group>"; };
		44EEAFAF101BA7340023D5BD /* NodeListView.xib */ = {isa = PBXFileReference; lastKnownFileType = file.xib; name = NodeListView.xib; path = Resources/Interfaces/NodeListView.xib; sourceTree = "<group>"; };
		44EEAFB2101BA7A70023D5BD /* NodeListController.h */ = {isa = PBXFileReference; fileEncoding = 4; lastKnownFileType = sourcecode.c.h; name = NodeListController.h; path = Controllers/NodeListController.h; sourceTree = "<group>"; };
		44EEAFB3101BA7A70023D5BD /* NodeListController.m */ = {isa = PBXFileReference; fileEncoding = 4; lastKnownFileType = sourcecode.c.objc; name = NodeListController.m; path = Controllers/NodeListController.m; sourceTree = "<group>"; };
		44F0E644100F9901000B8A22 /* CXMLDocument.h */ = {isa = PBXFileReference; fileEncoding = 4; lastKnownFileType = sourcecode.c.h; name = CXMLDocument.h; path = "External Classes/TouchXML/CXMLDocument.h"; sourceTree = "<group>"; };
		44F0E645100F9901000B8A22 /* CXMLDocument.m */ = {isa = PBXFileReference; fileEncoding = 4; lastKnownFileType = sourcecode.c.objc; name = CXMLDocument.m; path = "External Classes/TouchXML/CXMLDocument.m"; sourceTree = "<group>"; };
		44F0E646100F9901000B8A22 /* CXMLDocument_PrivateExtensions.h */ = {isa = PBXFileReference; fileEncoding = 4; lastKnownFileType = sourcecode.c.h; name = CXMLDocument_PrivateExtensions.h; path = "External Classes/TouchXML/CXMLDocument_PrivateExtensions.h"; sourceTree = "<group>"; };
		44F0E647100F9901000B8A22 /* CXMLDocument_PrivateExtensions.m */ = {isa = PBXFileReference; fileEncoding = 4; lastKnownFileType = sourcecode.c.objc; name = CXMLDocument_PrivateExtensions.m; path = "External Classes/TouchXML/CXMLDocument_PrivateExtensions.m"; sourceTree = "<group>"; };
		44F0E648100F9901000B8A22 /* CXMLElement.h */ = {isa = PBXFileReference; fileEncoding = 4; lastKnownFileType = sourcecode.c.h; name = CXMLElement.h; path = "External Classes/TouchXML/CXMLElement.h"; sourceTree = "<group>"; };
		44F0E649100F9901000B8A22 /* CXMLElement.m */ = {isa = PBXFileReference; fileEncoding = 4; lastKnownFileType = sourcecode.c.objc; name = CXMLElement.m; path = "External Classes/TouchXML/CXMLElement.m"; sourceTree = "<group>"; };
		44F0E64A100F9901000B8A22 /* CXMLElement_CreationExtensions.h */ = {isa = PBXFileReference; fileEncoding = 4; lastKnownFileType = sourcecode.c.h; name = CXMLElement_CreationExtensions.h; path = "External Classes/TouchXML/CXMLElement_CreationExtensions.h"; sourceTree = "<group>"; };
		44F0E64B100F9901000B8A22 /* CXMLElement_CreationExtensions.m */ = {isa = PBXFileReference; fileEncoding = 4; lastKnownFileType = sourcecode.c.objc; name = CXMLElement_CreationExtensions.m; path = "External Classes/TouchXML/CXMLElement_CreationExtensions.m"; sourceTree = "<group>"; };
		44F0E64C100F9901000B8A22 /* CXMLElement_ElementTreeExtensions.h */ = {isa = PBXFileReference; fileEncoding = 4; lastKnownFileType = sourcecode.c.h; name = CXMLElement_ElementTreeExtensions.h; path = "External Classes/TouchXML/CXMLElement_ElementTreeExtensions.h"; sourceTree = "<group>"; };
		44F0E64D100F9901000B8A22 /* CXMLElement_ElementTreeExtensions.m */ = {isa = PBXFileReference; fileEncoding = 4; lastKnownFileType = sourcecode.c.objc; name = CXMLElement_ElementTreeExtensions.m; path = "External Classes/TouchXML/CXMLElement_ElementTreeExtensions.m"; sourceTree = "<group>"; };
		44F0E64E100F9901000B8A22 /* CXMLNode.h */ = {isa = PBXFileReference; fileEncoding = 4; lastKnownFileType = sourcecode.c.h; name = CXMLNode.h; path = "External Classes/TouchXML/CXMLNode.h"; sourceTree = "<group>"; };
		44F0E64F100F9901000B8A22 /* CXMLNode.m */ = {isa = PBXFileReference; fileEncoding = 4; lastKnownFileType = sourcecode.c.objc; name = CXMLNode.m; path = "External Classes/TouchXML/CXMLNode.m"; sourceTree = "<group>"; };
		44F0E650100F9901000B8A22 /* CXMLNode_PrivateExtensions.h */ = {isa = PBXFileReference; fileEncoding = 4; lastKnownFileType = sourcecode.c.h; name = CXMLNode_PrivateExtensions.h; path = "External Classes/TouchXML/CXMLNode_PrivateExtensions.h"; sourceTree = "<group>"; };
		44F0E651100F9901000B8A22 /* CXMLNode_PrivateExtensions.m */ = {isa = PBXFileReference; fileEncoding = 4; lastKnownFileType = sourcecode.c.objc; name = CXMLNode_PrivateExtensions.m; path = "External Classes/TouchXML/CXMLNode_PrivateExtensions.m"; sourceTree = "<group>"; };
		44F0E652100F9901000B8A22 /* CXMLNode_XPathExtensions.h */ = {isa = PBXFileReference; fileEncoding = 4; lastKnownFileType = sourcecode.c.h; name = CXMLNode_XPathExtensions.h; path = "External Classes/TouchXML/CXMLNode_XPathExtensions.h"; sourceTree = "<group>"; };
		44F0E653100F9901000B8A22 /* CXMLNode_XPathExtensions.m */ = {isa = PBXFileReference; fileEncoding = 4; lastKnownFileType = sourcecode.c.objc; name = CXMLNode_XPathExtensions.m; path = "External Classes/TouchXML/CXMLNode_XPathExtensions.m"; sourceTree = "<group>"; };
		44F0E654100F9901000B8A22 /* TouchXML.h */ = {isa = PBXFileReference; fileEncoding = 4; lastKnownFileType = sourcecode.c.h; name = TouchXML.h; path = "External Classes/TouchXML/TouchXML.h"; sourceTree = "<group>"; };
		44F0E6A2100F9B1F000B8A22 /* CXMLDocument_CreationExtensions.h */ = {isa = PBXFileReference; fileEncoding = 4; lastKnownFileType = sourcecode.c.h; name = CXMLDocument_CreationExtensions.h; path = "External Classes/TouchXML/Creation/CXMLDocument_CreationExtensions.h"; sourceTree = "<group>"; };
		44F0E6A3100F9B1F000B8A22 /* CXMLDocument_CreationExtensions.m */ = {isa = PBXFileReference; fileEncoding = 4; lastKnownFileType = sourcecode.c.objc; name = CXMLDocument_CreationExtensions.m; path = "External Classes/TouchXML/Creation/CXMLDocument_CreationExtensions.m"; sourceTree = "<group>"; };
		44F0E6A4100F9B1F000B8A22 /* CXMLNode_CreationExtensions.h */ = {isa = PBXFileReference; fileEncoding = 4; lastKnownFileType = sourcecode.c.h; name = CXMLNode_CreationExtensions.h; path = "External Classes/TouchXML/Creation/CXMLNode_CreationExtensions.h"; sourceTree = "<group>"; };
		44F0E6A5100F9B1F000B8A22 /* CXMLNode_CreationExtensions.m */ = {isa = PBXFileReference; fileEncoding = 4; lastKnownFileType = sourcecode.c.objc; name = CXMLNode_CreationExtensions.m; path = "External Classes/TouchXML/Creation/CXMLNode_CreationExtensions.m"; sourceTree = "<group>"; };
		8D1107310486CEB800E47090 /* OpenNMS_Client-Info.plist */ = {isa = PBXFileReference; fileEncoding = 4; lastKnownFileType = text.plist.xml; path = "OpenNMS_Client-Info.plist"; plistStructureDefinitionIdentifier = "com.apple.xcode.plist.structure-definition.iphone.info-plist"; sourceTree = "<group>"; };
/* End PBXFileReference section */

/* Begin PBXFrameworksBuildPhase section */
		1D60588F0D05DD3D006BFB54 /* Frameworks */ = {
			isa = PBXFrameworksBuildPhase;
			buildActionMask = 2147483647;
			files = (
				1D60589F0D05DD5A006BFB54 /* Foundation.framework in Frameworks */,
				1DF5F4E00D08C38300B7A737 /* UIKit.framework in Frameworks */,
				288765080DF74369002DB57D /* CoreGraphics.framework in Frameworks */,
				44700FCE1007D60B006CE665 /* CFNetwork.framework in Frameworks */,
				44700FD31007D61A006CE665 /* libz.1.dylib in Frameworks */,
				44700FD61007D688006CE665 /* libxml2.dylib in Frameworks */,
				448EEAA4101E3B7400063B32 /* libicucore.dylib in Frameworks */,
				448148561029CBDF00083FF9 /* CoreData.framework in Frameworks */,
				44C1F82010359D140087291F /* SystemConfiguration.framework in Frameworks */,
				44BE14FB11BDBA8A0033B0B3 /* MobileCoreServices.framework in Frameworks */,
			);
			runOnlyForDeploymentPostprocessing = 0;
		};
/* End PBXFrameworksBuildPhase section */

/* Begin PBXGroup section */
		080E96DDFE201D6D7F000001 /* Classes */ = {
			isa = PBXGroup;
			children = (
				44263CF310112F3300717409 /* Controllers */,
				4423777A102CC70C00D49DFA /* Views */,
				448148651029D00000083FF9 /* Data */,
				44263D0010112F5800717409 /* Objects */,
				440B00841008C941005DB69C /* FuzzyDate.h */,
				440B00851008C941005DB69C /* FuzzyDate.m */,
				1D3623240D0F684500981E51 /* OpenNMSAppDelegate.h */,
				1D3623250D0F684500981E51 /* OpenNMSAppDelegate.m */,
				44D02407100FA1D6000C5EAA /* OnmsXMLElementAdditions.h */,
				44D02408100FA1D6000C5EAA /* OnmsXMLElementAdditions.m */,
			);
			path = Classes;
			sourceTree = "<group>";
		};
		19C28FACFE9D520D11CA2CBB /* Products */ = {
			isa = PBXGroup;
			children = (
				1D6058910D05DD3D006BFB54 /* OpenNMS Client.app */,
			);
			name = Products;
			sourceTree = "<group>";
		};
		29B97314FDCFA39411CA2CEA /* OpenNMS */ = {
			isa = PBXGroup;
			children = (
				44700FAA1007D5C8006CE665 /* External Classes */,
				44784C7B11BEDCEA00E64ACE /* Tests */,
				080E96DDFE201D6D7F000001 /* Classes */,
				29B97315FDCFA39411CA2CEA /* Other Sources */,
				29B97317FDCFA39411CA2CEA /* Resources */,
				442D9CB811BF3F2D0003E7A2 /* Resources-iPad */,
				29B97323FDCFA39411CA2CEA /* Frameworks */,
				19C28FACFE9D520D11CA2CBB /* Products */,
				44700FCD1007D60B006CE665 /* CFNetwork.framework */,
				44700FCF1007D60B006CE665 /* libz.1.dylib */,
				44700FD51007D688006CE665 /* libxml2.dylib */,
				448EEAA3101E3B7400063B32 /* libicucore.dylib */,
				448148551029CBDF00083FF9 /* CoreData.framework */,
				44C1F81F10359D140087291F /* SystemConfiguration.framework */,
				44BE14FA11BDBA8A0033B0B3 /* MobileCoreServices.framework */,
			);
			name = OpenNMS;
			sourceTree = "<group>";
		};
		29B97315FDCFA39411CA2CEA /* Other Sources */ = {
			isa = PBXGroup;
			children = (
				28A0AB4B0D9B1048005BE974 /* OpenNMS_Prefix.pch */,
				29B97316FDCFA39411CA2CEA /* main.m */,
				44DEAE411029E02300634C2F /* config.h */,
			);
			name = "Other Sources";
			sourceTree = "<group>";
		};
		29B97317FDCFA39411CA2CEA /* Resources */ = {
			isa = PBXGroup;
			children = (
				44B8E28A102DC168003DBB9B /* OpenNMS.xcdatamodeld */,
				8D1107310486CEB800E47090 /* OpenNMS_Client-Info.plist */,
				443DB6E01028F4B300785DE6 /* Images */,
				443DB6DF1028F4A900785DE6 /* Interfaces */,
				448AC2C410097B6700C2621C /* Settings.bundle */,
			);
			name = Resources;
			sourceTree = "<group>";
		};
		29B97323FDCFA39411CA2CEA /* Frameworks */ = {
			isa = PBXGroup;
			children = (
				1DF5F4DF0D08C38300B7A737 /* UIKit.framework */,
				1D30AB110D05D00D00671497 /* Foundation.framework */,
				288765070DF74369002DB57D /* CoreGraphics.framework */,
			);
			name = Frameworks;
			sourceTree = "<group>";
		};
		4423777A102CC70C00D49DFA /* Views */ = {
			isa = PBXGroup;
			children = (
				44E2A2EB100E5EA900DD5A1D /* ColumnarTableViewCell.h */,
				44E2A2EC100E5EA900DD5A1D /* ColumnarTableViewCell.m */,
				44237783102CC73300D49DFA /* AlarmTableView.h */,
				44237784102CC73300D49DFA /* AlarmTableView.m */,
			);
			name = Views;
			sourceTree = "<group>";
		};
		44263CF310112F3300717409 /* Controllers */ = {
			isa = PBXGroup;
			children = (
				4434F9DA11C1B6BF009189BD /* IPAddressInputController.h */,
				4434F9DB11C1B6BF009189BD /* IPAddressInputController.m */,
				44263CF410112F4100717409 /* AboutViewController.h */,
				44263CF510112F4100717409 /* AboutViewController.m */,
				4424345F1024E7C100658DB1 /* AlarmDetailController.h */,
				442434601024E7C100658DB1 /* AlarmDetailController.m */,
				44263D2B1011309700717409 /* AlarmListController.h */,
				44263D2C1011309700717409 /* AlarmListController.m */,
				44263CF810112F4100717409 /* NodeDetailController.h */,
				44263CF910112F4100717409 /* NodeDetailController.m */,
				44EEAFB2101BA7A70023D5BD /* NodeListController.h */,
				44EEAFB3101BA7A70023D5BD /* NodeListController.m */,
				44263D241011301500717409 /* OutageListController.h */,
				44263D251011301500717409 /* OutageListController.m */,
				44DC95AA103BA31E0065B944 /* CalculateSize.h */,
				44DC95AB103BA31E0065B944 /* CalculateSize.m */,
				4437974911C0B72300D36464 /* BaseController.h */,
				4437974A11C0B72300D36464 /* BaseController.m */,
			);
			name = Controllers;
			sourceTree = "<group>";
		};
		44263D0010112F5800717409 /* Objects */ = {
			isa = PBXGroup;
			children = (
				445221EB1030848500F77B2C /* Alarm.h */,
				445221EC1030848500F77B2C /* Alarm.m */,
				445221ED1030848500F77B2C /* Event.h */,
				445221EE1030848500F77B2C /* Event.m */,
				445221EF1030848500F77B2C /* IpInterface.h */,
				445221F01030848500F77B2C /* IpInterface.m */,
				445221F11030848500F77B2C /* Node.h */,
				445221F21030848500F77B2C /* Node.m */,
				445221F31030848500F77B2C /* Outage.h */,
				445221F41030848500F77B2C /* Outage.m */,
				445221F51030848500F77B2C /* SnmpInterface.h */,
				445221F61030848500F77B2C /* SnmpInterface.m */,
				448EE92A101E0CF800063B32 /* OnmsSeverity.h */,
				448EE92B101E0CF800063B32 /* OnmsSeverity.m */,
			);
			name = Objects;
			sourceTree = "<group>";
		};
		442D9CB811BF3F2D0003E7A2 /* Resources-iPad */ = {
			isa = PBXGroup;
			children = (
				4455723611BF4DD6006CE642 /* Interfaces */,
			);
			name = "Resources-iPad";
			sourceTree = "<group>";
		};
		443DB6DF1028F4A900785DE6 /* Interfaces */ = {
			isa = PBXGroup;
			children = (
				28AD73870D9D96C1002E5188 /* MainWindow.xib */,
				4470101E1007F0D7006CE665 /* AlarmView.xib */,
				44EEAFAF101BA7340023D5BD /* NodeListView.xib */,
				4470101F1007F0D7006CE665 /* OutageView.xib */,
				4448642911C2FD9400D54649 /* DiscoverIPAddressView.xib */,
			);
			name = Interfaces;
			sourceTree = "<group>";
		};
		443DB6E01028F4B300785DE6 /* Images */ = {
			isa = PBXGroup;
			children = (
				4444794411C2C0E5003348D5 /* green-button-default.png */,
				4444794511C2C0E5003348D5 /* green-button-hilighted.png */,
				4444793311C2BCD2003348D5 /* ip-dialog-box.png */,
				4437966411C0845100D36464 /* Default-Portrait.png */,
				4437965211C07FDF00D36464 /* Icon-Small-50.png */,
				4437965311C07FDF00D36464 /* iPadAppIcon.png */,
				4437965411C07FDF00D36464 /* iPhoneAppIcon.png */,
				44981CCA100EA9C3006BB193 /* Default.png */,
				44E2A161100E195100DD5A1D /* opennms-headingbg.png */,
				44BBA449100CE90B001257CB /* o.png */,
				44BBA447100CE84F001257CB /* question-mark-helvetica.png */,
				44C8E294100CD66400A29DA0 /* display.png */,
				44700FFE1007DA78006CE665 /* clock.png */,
				44700FFF1007DA78006CE665 /* ekg.png */,
				44700FF61007D781006CE665 /* Icon-Small.png */,
			);
			name = Images;
			sourceTree = "<group>";
		};
		4455723611BF4DD6006CE642 /* Interfaces */ = {
			isa = PBXGroup;
			children = (
				4448646111C304CA00D54649 /* DiscoverIPAddressView-iPad.xib */,
				4455723711BF4E73006CE642 /* AlarmView.xib */,
				4455723811BF4E73006CE642 /* NodeListView.xib */,
				4455723911BF4E73006CE642 /* OutageView.xib */,
				442D9CB911BF3F2D0003E7A2 /* MainWindow-iPad.xib */,
			);
			name = Interfaces;
			sourceTree = "<group>";
		};
		44700FAA1007D5C8006CE665 /* External Classes */ = {
			isa = PBXGroup;
			children = (
				44700FAB1007D5D8006CE665 /* ASIHTTPRequest */,
				44CAE4C3103B4576001ADEB1 /* mySettings */,
				448EEA95101E3A1100063B32 /* RegExKitLite */,
				44F0E640100F98CA000B8A22 /* TouchXML */,
			);
			name = "External Classes";
			sourceTree = "<group>";
		};
		44700FAB1007D5D8006CE665 /* ASIHTTPRequest */ = {
			isa = PBXGroup;
			children = (
				4458310D11BD900200CAC95E /* ASIAuthenticationDialog.h */,
				4458310E11BD900200CAC95E /* ASIAuthenticationDialog.m */,
				4458310F11BD900200CAC95E /* ASIHTTPRequestConfig.h */,
				4458311011BD900200CAC95E /* ASIHTTPRequestDelegate.h */,
				4458311111BD900200CAC95E /* ASIProgressDelegate.h */,
				44C1F82610359D350087291F /* ASIInputStream.h */,
				44C1F82710359D350087291F /* ASIInputStream.m */,
				44C1F7FA10359C870087291F /* Reachability.h */,
				44C1F7FB10359C870087291F /* Reachability.m */,
				44700FAC1007D5D8006CE665 /* ASIFormDataRequest.h */,
				44700FAD1007D5D8006CE665 /* ASIFormDataRequest.m */,
				44700FAE1007D5D8006CE665 /* ASIHTTPRequest.h */,
				44700FAF1007D5D8006CE665 /* ASIHTTPRequest.m */,
				44700FB01007D5D8006CE665 /* ASINetworkQueue.h */,
				44700FB11007D5D8006CE665 /* ASINetworkQueue.m */,
				44700FB21007D5D8006CE665 /* ASINSStringAdditions.h */,
				44700FB31007D5D8006CE665 /* ASINSStringAdditions.m */,
			);
			name = ASIHTTPRequest;
			path = "External Classes/ASIHTTPRequest";
			sourceTree = "<group>";
		};
		44784C7B11BEDCEA00E64ACE /* Tests */ = {
			isa = PBXGroup;
			children = (
			);
			name = Tests;
			path = Classes;
			sourceTree = "<group>";
		};
		448148651029D00000083FF9 /* Data */ = {
			isa = PBXGroup;
			children = (
				44303A3D11C2DB5E00D50F73 /* OrientationHandler.h */,
				44303A3E11C2DB5E00D50F73 /* OrientationHandler.m */,
				44E276CC11C15DBD00DE59F1 /* NullUpdater.h */,
				44E276CD11C15DBD00DE59F1 /* NullUpdater.m */,
				443665341032597400F0B7B6 /* ContextService.h */,
				443665351032597400F0B7B6 /* ContextService.m */,
				448148691029D25A00083FF9 /* BaseUpdater.h */,
				4481486A1029D25A00083FF9 /* BaseUpdater.m */,
				44DEAF3A102A32E700634C2F /* UpdateHandler.h */,
				44DEAF3B102A32E700634C2F /* UpdateHandler.m */,
				44367A1610385E6C008E6799 /* AckUpdater.h */,
				44367A1710385E6C008E6799 /* AckUpdater.m */,
				44367A231038608D008E6799 /* AlarmFactory.h */,
				44367A241038608D008E6799 /* AlarmFactory.m */,
				448D5AF6102BC9F5008416E3 /* AlarmUpdater.h */,
				448D5AF7102BC9F5008416E3 /* AlarmUpdater.m */,
				4481488C1029D41400083FF9 /* AlarmListUpdater.h */,
				4481488D1029D41400083FF9 /* AlarmListUpdater.m */,
				44227C4D102B6CD200D00033 /* AlarmUpdateHandler.h */,
				44227C4E102B6CD200D00033 /* AlarmUpdateHandler.m */,
				44644886102DE463005697EF /* NodeFactory.h */,
				44644887102DE463005697EF /* NodeFactory.m */,
				440AD049102F91EF00CC63C9 /* NodeUpdater.h */,
				440AD04A102F91EF00CC63C9 /* NodeUpdater.m */,
				44E63D50103A3B4D005FC19F /* NodeSearchUpdater.h */,
				44E63D51103A3B4D005FC19F /* NodeSearchUpdater.m */,
				440AD064102F924E00CC63C9 /* NodeUpdateHandler.h */,
				440AD065102F924E00CC63C9 /* NodeUpdateHandler.m */,
				44367C4610397B30008E6799 /* EventFactory.h */,
				44367C4710397B30008E6799 /* EventFactory.m */,
				44367C4A10397B30008E6799 /* EventUpdater.h */,
				44367C4B10397B30008E6799 /* EventUpdater.m */,
				44367C4810397B30008E6799 /* EventUpdateHandler.h */,
				44367C4910397B30008E6799 /* EventUpdateHandler.m */,
				445222991030CD3D00F77B2C /* OutageFactory.h */,
				4452229A1030CD3D00F77B2C /* OutageFactory.m */,
				44B8E1A1102DB0A9003DBB9B /* OutageListUpdater.h */,
				44B8E1A2102DB0A9003DBB9B /* OutageListUpdater.m */,
				44B8E1E0102DB4E6003DBB9B /* OutageUpdateHandler.h */,
				44B8E1E1102DB4E6003DBB9B /* OutageUpdateHandler.m */,
				44367BDF10397225008E6799 /* IpInterfaceFactory.h */,
				44367BE010397225008E6799 /* IpInterfaceFactory.m */,
				44367BE310397225008E6799 /* IpInterfaceUpdater.h */,
				44367BE410397225008E6799 /* IpInterfaceUpdater.m */,
				44367BE110397225008E6799 /* IpInterfaceUpdateHandler.h */,
				44367BE210397225008E6799 /* IpInterfaceUpdateHandler.m */,
				44367B461038E273008E6799 /* SnmpInterfaceFactory.h */,
				44367B471038E273008E6799 /* SnmpInterfaceFactory.m */,
				44367B4A1038E273008E6799 /* SnmpInterfaceUpdater.h */,
				44367B4B1038E273008E6799 /* SnmpInterfaceUpdater.m */,
				44367B481038E273008E6799 /* SnmpInterfaceUpdateHandler.h */,
				44367B491038E273008E6799 /* SnmpInterfaceUpdateHandler.m */,
			);
			name = Data;
			sourceTree = "<group>";
		};
		448EEA95101E3A1100063B32 /* RegExKitLite */ = {
			isa = PBXGroup;
			children = (
				448EEA97101E3A2600063B32 /* RegexKitLite.h */,
				448EEA98101E3A2600063B32 /* RegexKitLite.m */,
			);
			name = RegExKitLite;
			sourceTree = "<group>";
		};
		44CAE4C3103B4576001ADEB1 /* mySettings */ = {
			isa = PBXGroup;
			children = (
				4458311C11BD978B00CAC95E /* SliderCell.h */,
				4458311D11BD978B00CAC95E /* SliderCell.m */,
				44CAE4FE103B45F8001ADEB1 /* IntegerPickerView.h */,
				44CAE4FF103B45F8001ADEB1 /* IntegerPickerView.m */,
				44CAE500103B45F8001ADEB1 /* KMTimeIntervalFormatter.h */,
				44CAE501103B45F8001ADEB1 /* KMTimeIntervalFormatter.m */,
				44CAE502103B45F8001ADEB1 /* LabeledPickerView.h */,
				44CAE503103B45F8001ADEB1 /* LabeledPickerView.m */,
				44CAE4C4103B4597001ADEB1 /* ChildPaneCell.h */,
				44CAE4C5103B4597001ADEB1 /* ChildPaneCell.m */,
				44CAE4C6103B4597001ADEB1 /* MultiValueCell.h */,
				44CAE4C7103B4597001ADEB1 /* MultiValueCell.m */,
				44CAE4C8103B4597001ADEB1 /* MultiValueEditorViewController.h */,
				44CAE4C9103B4597001ADEB1 /* MultiValueEditorViewController.m */,
				44CAE4CA103B4597001ADEB1 /* MutableMetadataSource.h */,
				44CAE4CB103B4597001ADEB1 /* MutableMetadataSource.m */,
				44CAE4CC103B4597001ADEB1 /* NumberCell.h */,
				44CAE4CD103B4597001ADEB1 /* NumberCell.m */,
				44CAE4CE103B4597001ADEB1 /* SettingsCell.h */,
				44CAE4CF103B4597001ADEB1 /* SettingsCell.m */,
				44CAE4D0103B4597001ADEB1 /* SettingsCellProtocol.h */,
				44CAE4D1103B4597001ADEB1 /* SettingsDelegate.h */,
				44CAE4D2103B4597001ADEB1 /* SettingsEditorViewController.h */,
				44CAE4D3103B4597001ADEB1 /* SettingsEditorViewController.m */,
				44CAE4D4103B4597001ADEB1 /* SettingsMetadataSource.h */,
				44CAE4D5103B4597001ADEB1 /* SettingsMetadataSource.m */,
				44CAE4D6103B4597001ADEB1 /* SettingsViewController.h */,
				44CAE4D7103B4597001ADEB1 /* SettingsViewController.m */,
				44CAE4D8103B4597001ADEB1 /* TextfieldCell.h */,
				44CAE4D9103B4597001ADEB1 /* TextfieldCell.m */,
				44CAE4DA103B4597001ADEB1 /* TimeIntervalCell.h */,
				44CAE4DB103B4597001ADEB1 /* TimeIntervalCell.m */,
				44CAE4DC103B4597001ADEB1 /* ToggleSwitchCell.h */,
				44CAE4DD103B4597001ADEB1 /* ToggleSwitchCell.m */,
			);
			name = mySettings;
			sourceTree = "<group>";
		};
		44F0E640100F98CA000B8A22 /* TouchXML */ = {
			isa = PBXGroup;
			children = (
				44F0E6A2100F9B1F000B8A22 /* CXMLDocument_CreationExtensions.h */,
				44F0E6A3100F9B1F000B8A22 /* CXMLDocument_CreationExtensions.m */,
				44F0E6A4100F9B1F000B8A22 /* CXMLNode_CreationExtensions.h */,
				44F0E6A5100F9B1F000B8A22 /* CXMLNode_CreationExtensions.m */,
				44F0E644100F9901000B8A22 /* CXMLDocument.h */,
				44F0E645100F9901000B8A22 /* CXMLDocument.m */,
				44F0E646100F9901000B8A22 /* CXMLDocument_PrivateExtensions.h */,
				44F0E647100F9901000B8A22 /* CXMLDocument_PrivateExtensions.m */,
				44F0E648100F9901000B8A22 /* CXMLElement.h */,
				44F0E649100F9901000B8A22 /* CXMLElement.m */,
				44F0E64A100F9901000B8A22 /* CXMLElement_CreationExtensions.h */,
				44F0E64B100F9901000B8A22 /* CXMLElement_CreationExtensions.m */,
				44F0E64C100F9901000B8A22 /* CXMLElement_ElementTreeExtensions.h */,
				44F0E64D100F9901000B8A22 /* CXMLElement_ElementTreeExtensions.m */,
				44F0E64E100F9901000B8A22 /* CXMLNode.h */,
				44F0E64F100F9901000B8A22 /* CXMLNode.m */,
				44F0E650100F9901000B8A22 /* CXMLNode_PrivateExtensions.h */,
				44F0E651100F9901000B8A22 /* CXMLNode_PrivateExtensions.m */,
				44F0E652100F9901000B8A22 /* CXMLNode_XPathExtensions.h */,
				44F0E653100F9901000B8A22 /* CXMLNode_XPathExtensions.m */,
				44F0E654100F9901000B8A22 /* TouchXML.h */,
			);
			name = TouchXML;
			sourceTree = "<group>";
		};
/* End PBXGroup section */

/* Begin PBXNativeTarget section */
		1D6058900D05DD3D006BFB54 /* OpenNMS */ = {
			isa = PBXNativeTarget;
			buildConfigurationList = 1D6058960D05DD3E006BFB54 /* Build configuration list for PBXNativeTarget "OpenNMS" */;
			buildPhases = (
				1D60588D0D05DD3D006BFB54 /* Resources */,
				1D60588E0D05DD3D006BFB54 /* Sources */,
				1D60588F0D05DD3D006BFB54 /* Frameworks */,
			);
			buildRules = (
			);
			dependencies = (
			);
			name = OpenNMS;
			productName = OpenNMS;
			productReference = 1D6058910D05DD3D006BFB54 /* OpenNMS Client.app */;
			productType = "com.apple.product-type.application";
		};
/* End PBXNativeTarget section */

/* Begin PBXProject section */
		29B97313FDCFA39411CA2CEA /* Project object */ = {
			isa = PBXProject;
			buildConfigurationList = C01FCF4E08A954540054247B /* Build configuration list for PBXProject "OpenNMS" */;
			compatibilityVersion = "Xcode 3.1";
			hasScannedForEncodings = 1;
			mainGroup = 29B97314FDCFA39411CA2CEA /* OpenNMS */;
			projectDirPath = "";
			projectRoot = "";
			targets = (
				1D6058900D05DD3D006BFB54 /* OpenNMS */,
			);
		};
/* End PBXProject section */

/* Begin PBXResourcesBuildPhase section */
		1D60588D0D05DD3D006BFB54 /* Resources */ = {
			isa = PBXResourcesBuildPhase;
			buildActionMask = 2147483647;
			files = (
				28AD73880D9D96C1002E5188 /* MainWindow.xib in Resources */,
				44700FF81007D781006CE665 /* Icon-Small.png in Resources */,
				447010001007DA78006CE665 /* clock.png in Resources */,
				447010011007DA78006CE665 /* ekg.png in Resources */,
				447010201007F0D7006CE665 /* AlarmView.xib in Resources */,
				447010211007F0D7006CE665 /* OutageView.xib in Resources */,
				448AC2C510097B6700C2621C /* Settings.bundle in Resources */,
				44C8E295100CD66400A29DA0 /* display.png in Resources */,
				44BBA448100CE84F001257CB /* question-mark-helvetica.png in Resources */,
				44BBA44A100CE90B001257CB /* o.png in Resources */,
				44E2A162100E195100DD5A1D /* opennms-headingbg.png in Resources */,
				44981CCB100EA9C3006BB193 /* Default.png in Resources */,
				44EEAFB0101BA7340023D5BD /* NodeListView.xib in Resources */,
				442D9CBA11BF3F2D0003E7A2 /* MainWindow-iPad.xib in Resources */,
				4455723A11BF4E73006CE642 /* AlarmView.xib in Resources */,
				4455723B11BF4E73006CE642 /* NodeListView.xib in Resources */,
				4455723C11BF4E73006CE642 /* OutageView.xib in Resources */,
				4437965511C07FDF00D36464 /* Icon-Small-50.png in Resources */,
				4437965611C07FDF00D36464 /* iPadAppIcon.png in Resources */,
				4437965711C07FDF00D36464 /* iPhoneAppIcon.png in Resources */,
				4437966511C0845100D36464 /* Default-Portrait.png in Resources */,
				4444793411C2BCD2003348D5 /* ip-dialog-box.png in Resources */,
				4444794611C2C0E5003348D5 /* green-button-default.png in Resources */,
				4444794711C2C0E5003348D5 /* green-button-hilighted.png in Resources */,
				4448642A11C2FD9400D54649 /* DiscoverIPAddressView.xib in Resources */,
				4448646211C304CA00D54649 /* DiscoverIPAddressView-iPad.xib in Resources */,
			);
			runOnlyForDeploymentPostprocessing = 0;
		};
/* End PBXResourcesBuildPhase section */

/* Begin PBXSourcesBuildPhase section */
		1D60588E0D05DD3D006BFB54 /* Sources */ = {
			isa = PBXSourcesBuildPhase;
			buildActionMask = 2147483647;
			files = (
				1D60589B0D05DD56006BFB54 /* main.m in Sources */,
				1D3623260D0F684500981E51 /* OpenNMSAppDelegate.m in Sources */,
				44700FC31007D5D8006CE665 /* ASIFormDataRequest.m in Sources */,
				44700FC41007D5D8006CE665 /* ASIHTTPRequest.m in Sources */,
				44700FC51007D5D8006CE665 /* ASINetworkQueue.m in Sources */,
				44700FC61007D5D8006CE665 /* ASINSStringAdditions.m in Sources */,
				440B00861008C941005DB69C /* FuzzyDate.m in Sources */,
				44E2A2ED100E5EA900DD5A1D /* ColumnarTableViewCell.m in Sources */,
				44F0E655100F9901000B8A22 /* CXMLDocument.m in Sources */,
				44F0E656100F9901000B8A22 /* CXMLDocument_PrivateExtensions.m in Sources */,
				44F0E657100F9901000B8A22 /* CXMLElement.m in Sources */,
				44F0E65A100F9901000B8A22 /* CXMLNode.m in Sources */,
				44F0E65B100F9901000B8A22 /* CXMLNode_PrivateExtensions.m in Sources */,
				44F0E6A6100F9B1F000B8A22 /* CXMLDocument_CreationExtensions.m in Sources */,
				44F0E6A7100F9B1F000B8A22 /* CXMLNode_CreationExtensions.m in Sources */,
				44F0E6AA100F9B8B000B8A22 /* CXMLElement_CreationExtensions.m in Sources */,
				44F0E6AB100F9B8C000B8A22 /* CXMLElement_ElementTreeExtensions.m in Sources */,
				44D023E6100F9CB0000C5EAA /* CXMLNode_XPathExtensions.m in Sources */,
				44D02409100FA1D6000C5EAA /* OnmsXMLElementAdditions.m in Sources */,
				44263CFC10112F4100717409 /* AboutViewController.m in Sources */,
				44263CFE10112F4100717409 /* NodeDetailController.m in Sources */,
				44263D261011301500717409 /* OutageListController.m in Sources */,
				44263D2D1011309700717409 /* AlarmListController.m in Sources */,
				44EEAFB4101BA7A70023D5BD /* NodeListController.m in Sources */,
				448EE92C101E0CF800063B32 /* OnmsSeverity.m in Sources */,
				448EEA99101E3A2600063B32 /* RegexKitLite.m in Sources */,
				442434611024E7C200658DB1 /* AlarmDetailController.m in Sources */,
				4481486B1029D25A00083FF9 /* BaseUpdater.m in Sources */,
				4481488E1029D41400083FF9 /* AlarmListUpdater.m in Sources */,
				44DEAF3C102A32E700634C2F /* UpdateHandler.m in Sources */,
				44227C4F102B6CD200D00033 /* AlarmUpdateHandler.m in Sources */,
				448D5AF8102BC9F5008416E3 /* AlarmUpdater.m in Sources */,
				44237785102CC73300D49DFA /* AlarmTableView.m in Sources */,
				44B8E1A3102DB0A9003DBB9B /* OutageListUpdater.m in Sources */,
				44B8E1E2102DB4E6003DBB9B /* OutageUpdateHandler.m in Sources */,
				44B8E28D102DC168003DBB9B /* OpenNMS.xcdatamodeld in Sources */,
				44DD4ABF102DDC50005B4F34 /* OpenNMS.xcdatamodel in Sources */,
				44644888102DE463005697EF /* NodeFactory.m in Sources */,
				440AD04B102F91EF00CC63C9 /* NodeUpdater.m in Sources */,
				440AD066102F924E00CC63C9 /* NodeUpdateHandler.m in Sources */,
				445221F71030848500F77B2C /* Alarm.m in Sources */,
				445221F81030848500F77B2C /* Event.m in Sources */,
				445221F91030848500F77B2C /* IpInterface.m in Sources */,
				445221FA1030848500F77B2C /* Node.m in Sources */,
				445221FB1030848500F77B2C /* Outage.m in Sources */,
				445221FC1030848500F77B2C /* SnmpInterface.m in Sources */,
				4452229B1030CD3D00F77B2C /* OutageFactory.m in Sources */,
				443665361032597400F0B7B6 /* ContextService.m in Sources */,
				44C1F7FC10359C870087291F /* Reachability.m in Sources */,
				44C1F82810359D350087291F /* ASIInputStream.m in Sources */,
				44367A1810385E6C008E6799 /* AckUpdater.m in Sources */,
				44367A251038608D008E6799 /* AlarmFactory.m in Sources */,
				44367B4C1038E273008E6799 /* SnmpInterfaceFactory.m in Sources */,
				44367B4D1038E273008E6799 /* SnmpInterfaceUpdateHandler.m in Sources */,
				44367B4E1038E273008E6799 /* SnmpInterfaceUpdater.m in Sources */,
				44367BE510397226008E6799 /* IpInterfaceFactory.m in Sources */,
				44367BE610397226008E6799 /* IpInterfaceUpdateHandler.m in Sources */,
				44367BE710397226008E6799 /* IpInterfaceUpdater.m in Sources */,
				44367C4C10397B30008E6799 /* EventFactory.m in Sources */,
				44367C4D10397B30008E6799 /* EventUpdateHandler.m in Sources */,
				44367C4E10397B30008E6799 /* EventUpdater.m in Sources */,
				44E63D52103A3B4D005FC19F /* NodeSearchUpdater.m in Sources */,
				44CAE4DE103B4597001ADEB1 /* ChildPaneCell.m in Sources */,
				44CAE4DF103B4597001ADEB1 /* MultiValueCell.m in Sources */,
				44CAE4E0103B4597001ADEB1 /* MultiValueEditorViewController.m in Sources */,
				44CAE4E1103B4597001ADEB1 /* MutableMetadataSource.m in Sources */,
				44CAE4E2103B4597001ADEB1 /* NumberCell.m in Sources */,
				44CAE4E3103B4597001ADEB1 /* SettingsCell.m in Sources */,
				44CAE4E4103B4597001ADEB1 /* SettingsEditorViewController.m in Sources */,
				44CAE4E5103B4597001ADEB1 /* SettingsMetadataSource.m in Sources */,
				44CAE4E6103B4597001ADEB1 /* SettingsViewController.m in Sources */,
				44CAE4E7103B4597001ADEB1 /* TextfieldCell.m in Sources */,
				44CAE4E8103B4597001ADEB1 /* TimeIntervalCell.m in Sources */,
				44CAE4E9103B4597001ADEB1 /* ToggleSwitchCell.m in Sources */,
				44CAE504103B45F8001ADEB1 /* IntegerPickerView.m in Sources */,
				44CAE505103B45F8001ADEB1 /* KMTimeIntervalFormatter.m in Sources */,
				44CAE506103B45F8001ADEB1 /* LabeledPickerView.m in Sources */,
				44DC95AC103BA31E0065B944 /* CalculateSize.m in Sources */,
				4458311811BD900200CAC95E /* ASIAuthenticationDialog.m in Sources */,
				4458311E11BD978B00CAC95E /* SliderCell.m in Sources */,
				4437974B11C0B72300D36464 /* BaseController.m in Sources */,
				44E276CE11C15DBD00DE59F1 /* NullUpdater.m in Sources */,
				4434F9DC11C1B6BF009189BD /* IPAddressInputController.m in Sources */,
				44303A3F11C2DB5E00D50F73 /* OrientationHandler.m in Sources */,
			);
			runOnlyForDeploymentPostprocessing = 0;
		};
/* End PBXSourcesBuildPhase section */

/* Begin XCBuildConfiguration section */
		1D6058940D05DD3E006BFB54 /* Debug */ = {
			isa = XCBuildConfiguration;
			buildSettings = {
				ALWAYS_SEARCH_USER_PATHS = NO;
				ARCHS = "$(ARCHS_STANDARD_32_BIT)";
				CODE_SIGN_IDENTITY = "iPhone Developer: Benjamin Reed (LS84AJQXH5)";
				COPY_PHASE_STRIP = NO;
				GCC_DYNAMIC_NO_PIC = NO;
				GCC_OPTIMIZATION_LEVEL = 0;
				GCC_PRECOMPILE_PREFIX_HEADER = YES;
				GCC_PREFIX_HEADER = OpenNMS_Prefix.pch;
				GCC_VERSION = "";
				"GCC_VERSION[sdk=iphoneos3.0][arch=*]" = "";
				"GCC_VERSION[sdk=iphoneos3.1][arch=*]" = "";
				"GCC_VERSION[sdk=iphonesimulator3.0][arch=*]" = "";
				"GCC_VERSION[sdk=iphonesimulator3.1][arch=*]" = "";
				HEADER_SEARCH_PATHS = /usr/include/libxml2;
				INFOPLIST_FILE = "OpenNMS_Client-Info.plist";
				INSTALL_PATH = "$(HOME)/Local Applications";
				IPHONEOS_DEPLOYMENT_TARGET = 3.0;
				PRODUCT_NAME = "OpenNMS Client";
				SDKROOT = iphoneos4.0;
				TARGETED_DEVICE_FAMILY = "1,2";
			};
			name = Debug;
		};
		1D6058950D05DD3E006BFB54 /* Release */ = {
			isa = XCBuildConfiguration;
			buildSettings = {
				ALWAYS_SEARCH_USER_PATHS = NO;
				ARCHS = "$(ARCHS_STANDARD_32_BIT)";
				CODE_SIGN_IDENTITY = "iPhone Developer: Benjamin Reed (LS84AJQXH5)";
				COPY_PHASE_STRIP = YES;
				GCC_PRECOMPILE_PREFIX_HEADER = YES;
				GCC_PREFIX_HEADER = OpenNMS_Prefix.pch;
				GCC_VERSION = "";
				"GCC_VERSION[sdk=iphoneos3.0][arch=*]" = "";
				"GCC_VERSION[sdk=iphoneos3.1][arch=*]" = "";
				"GCC_VERSION[sdk=iphonesimulator3.0][arch=*]" = "";
				"GCC_VERSION[sdk=iphonesimulator3.1][arch=*]" = "";
				HEADER_SEARCH_PATHS = /usr/include/libxml2;
				INFOPLIST_FILE = "OpenNMS_Client-Info.plist";
				INSTALL_PATH = "$(HOME)/Local Applications";
				IPHONEOS_DEPLOYMENT_TARGET = 3.0;
				PRODUCT_NAME = "OpenNMS Client";
				SDKROOT = iphoneos4.0;
				TARGETED_DEVICE_FAMILY = "1,2";
			};
			name = Release;
		};
		C01FCF4F08A954540054247B /* Debug */ = {
			isa = XCBuildConfiguration;
			buildSettings = {
				ARCHS = "$(ARCHS_UNIVERSAL_IPHONE_OS)";
				CODE_SIGN_IDENTITY = "iPhone Developer: Benjamin Reed (LS84AJQXH5)";
				"CODE_SIGN_IDENTITY[sdk=iphoneos*]" = "iPhone Developer: Benjamin Reed (LS84AJQXH5)";
				GCC_C_LANGUAGE_STANDARD = c99;
				GCC_WARN_ABOUT_RETURN_TYPE = YES;
				GCC_WARN_UNUSED_VARIABLE = YES;
				IPHONEOS_DEPLOYMENT_TARGET = 3.0;
				OTHER_TEST_FLAGS = "-DDEBUG=1";
				PREBINDING = NO;
				SDKROOT = iphonesimulator3.2;
				TARGETED_DEVICE_FAMILY = "1,2";
				VALIDATE_PRODUCT = YES;
			};
			name = Debug;
		};
		C01FCF5008A954540054247B /* Release */ = {
			isa = XCBuildConfiguration;
			buildSettings = {
				ARCHS = "$(ARCHS_UNIVERSAL_IPHONE_OS)";
				CODE_SIGN_IDENTITY = "iPhone Developer: Benjamin Reed (LS84AJQXH5)";
				"CODE_SIGN_IDENTITY[sdk=iphoneos*]" = "iPhone Developer: Benjamin Reed (LS84AJQXH5)";
				GCC_C_LANGUAGE_STANDARD = c99;
				GCC_WARN_ABOUT_RETURN_TYPE = YES;
				GCC_WARN_UNUSED_VARIABLE = YES;
				IPHONEOS_DEPLOYMENT_TARGET = 3.0;
				OTHER_TEST_FLAGS = "-DDEBUG=0";
				PREBINDING = NO;
				SDKROOT = iphonesimulator3.2;
				TARGETED_DEVICE_FAMILY = "1,2";
				VALIDATE_PRODUCT = YES;
			};
			name = Release;
		};
/* End XCBuildConfiguration section */

/* Begin XCConfigurationList section */
		1D6058960D05DD3E006BFB54 /* Build configuration list for PBXNativeTarget "OpenNMS" */ = {
			isa = XCConfigurationList;
			buildConfigurations = (
				1D6058940D05DD3E006BFB54 /* Debug */,
				1D6058950D05DD3E006BFB54 /* Release */,
			);
			defaultConfigurationIsVisible = 0;
			defaultConfigurationName = Debug;
		};
		C01FCF4E08A954540054247B /* Build configuration list for PBXProject "OpenNMS" */ = {
			isa = XCConfigurationList;
			buildConfigurations = (
				C01FCF4F08A954540054247B /* Debug */,
				C01FCF5008A954540054247B /* Release */,
			);
			defaultConfigurationIsVisible = 0;
			defaultConfigurationName = Debug;
		};
/* End XCConfigurationList section */

/* Begin XCVersionGroup section */
		44B8E28A102DC168003DBB9B /* OpenNMS.xcdatamodeld */ = {
			isa = XCVersionGroup;
			children = (
				44DD4ABE102DDC2A005B4F34 /* OpenNMS.xcdatamodel */,
			);
			currentVersion = 44DD4ABE102DDC2A005B4F34 /* OpenNMS.xcdatamodel */;
			name = OpenNMS.xcdatamodeld;
			path = Resources/OpenNMS.xcdatamodeld;
			sourceTree = "<group>";
			versionGroupType = wrapper.xcdatamodel;
		};
/* End XCVersionGroup section */
	};
	rootObject = 29B97313FDCFA39411CA2CEA /* Project object */;
}
